
Microsoft Visual Studio Solution File, Format Version 9.00
# Visual Studio 2005
Project("{8BC9CEB8-8B4A-11D0-8D11-00A0C91BC942}") = "base", "base\base.vcproj", "{537FCF05-5BA7-43CB-9652-35FBF764B18E}"
EndProject
Project("{2150E333-8FDC-42A3-9474-1A3956D46DE8}") = "tests", "tests", "{75357CBD-D2B7-40B8-900E-D717CE554847}"
EndProject
Project("{2150E333-8FDC-42A3-9474-1A3956D46DE8}") = "games", "games", "{2B51B244-2DF7-40D7-A7EF-3DFE3466D91E}"
EndProject
Project("{8BC9CEB8-8B4A-11D0-8D11-00A0C91BC942}") = "test_math", "..\tests\test_math\test_math.vcproj", "{97AE86F4-3052-4F52-9943-ABACB217D983}"
	ProjectSection(ProjectDependencies) = postProject
		{537FCF05-5BA7-43CB-9652-35FBF764B18E} = {537FCF05-5BA7-43CB-9652-35FBF764B18E}
	EndProjectSection
EndProject
Project("{2150E333-8FDC-42A3-9474-1A3956D46DE8}") = "interface", "interface", "{8D46154F-D87F-45BF-A592-F744CFA52D71}"
	ProjectSection(SolutionItems) = preProject
		..\..\include\bikini.hpp = ..\..\include\bikini.hpp
		..\..\include\config.hpp = ..\..\include\config.hpp
	EndProjectSection
EndProject
Project("{8BC9CEB8-8B4A-11D0-8D11-00A0C91BC942}") = "test_application", "..\tests\test_application\test_application.vcproj", "{11828C6D-3E62-45F8-9268-93EB0DD141E9}"
	ProjectSection(ProjectDependencies) = postProject
		{537FCF05-5BA7-43CB-9652-35FBF764B18E} = {537FCF05-5BA7-43CB-9652-35FBF764B18E}
		{0500EDC9-9BA6-4D27-A015-0B93DFD784D8} = {0500EDC9-9BA6-4D27-A015-0B93DFD784D8}
	EndProjectSection
EndProject
Project("{8BC9CEB8-8B4A-11D0-8D11-00A0C91BC942}") = "render", "render\render.vcproj", "{0500EDC9-9BA6-4D27-A015-0B93DFD784D8}"
EndProject
Project("{2150E333-8FDC-42A3-9474-1A3956D46DE8}") = "tools", "tools", "{71F10718-C4A2-4247-AA28-BE8E0D597BA0}"
EndProject
Project("{8BC9CEB8-8B4A-11D0-8D11-00A0C91BC942}") = "test_MFC", "..\tests\test_MFC\test_MFC.vcproj", "{17932C15-15B0-42DF-BE6C-7B099B18CDBF}"
	ProjectSection(ProjectDependencies) = postProject
		{537FCF05-5BA7-43CB-9652-35FBF764B18E} = {537FCF05-5BA7-43CB-9652-35FBF764B18E}
		{0500EDC9-9BA6-4D27-A015-0B93DFD784D8} = {0500EDC9-9BA6-4D27-A015-0B93DFD784D8}
	EndProjectSection
EndProject
Project("{FAE04EC0-301F-11D3-BF4B-00C04F79EFBC}") = "test_CS", "..\tests\test_CS\test_CS.csproj", "{F99A6C5F-FF25-46D2-B91D-0A1174AB2CBE}"
EndProject
Project("{2150E333-8FDC-42A3-9474-1A3956D46DE8}") = "library", "library", "{E229AA4E-6409-4BA1-AEE0-5384ED038349}"
EndProject
Project("{8BC9CEB8-8B4A-11D0-8D11-00A0C91BC942}") = "system", "system\system.vcproj", "{4B6FF094-9074-4BDF-BD0A-32D6AD5C0AC6}"
EndProject
Global
	GlobalSection(SolutionConfigurationPlatforms) = preSolution
		Debug|Any CPU = Debug|Any CPU
		Debug|Mixed Platforms = Debug|Mixed Platforms
		Debug|Win32 = Debug|Win32
		Profile|Any CPU = Profile|Any CPU
		Profile|Mixed Platforms = Profile|Mixed Platforms
		Profile|Win32 = Profile|Win32
		Release|Any CPU = Release|Any CPU
		Release|Mixed Platforms = Release|Mixed Platforms
		Release|Win32 = Release|Win32
	EndGlobalSection
	GlobalSection(ProjectConfigurationPlatforms) = postSolution
		{537FCF05-5BA7-43CB-9652-35FBF764B18E}.Debug|Any CPU.ActiveCfg = Debug|Win32
		{537FCF05-5BA7-43CB-9652-35FBF764B18E}.Debug|Mixed Platforms.ActiveCfg = Debug|Win32
		{537FCF05-5BA7-43CB-9652-35FBF764B18E}.Debug|Mixed Platforms.Build.0 = Debug|Win32
		{537FCF05-5BA7-43CB-9652-35FBF764B18E}.Debug|Win32.ActiveCfg = Debug|Win32
		{537FCF05-5BA7-43CB-9652-35FBF764B18E}.Debug|Win32.Build.0 = Debug|Win32
		{537FCF05-5BA7-43CB-9652-35FBF764B18E}.Profile|Any CPU.ActiveCfg = Profile|Win32
		{537FCF05-5BA7-43CB-9652-35FBF764B18E}.Profile|Mixed Platforms.ActiveCfg = Profile|Win32
		{537FCF05-5BA7-43CB-9652-35FBF764B18E}.Profile|Mixed Platforms.Build.0 = Profile|Win32
		{537FCF05-5BA7-43CB-9652-35FBF764B18E}.Profile|Win32.ActiveCfg = Profile|Win32
		{537FCF05-5BA7-43CB-9652-35FBF764B18E}.Profile|Win32.Build.0 = Profile|Win32
		{537FCF05-5BA7-43CB-9652-35FBF764B18E}.Release|Any CPU.ActiveCfg = Release|Win32
		{537FCF05-5BA7-43CB-9652-35FBF764B18E}.Release|Mixed Platforms.ActiveCfg = Release|Win32
		{537FCF05-5BA7-43CB-9652-35FBF764B18E}.Release|Mixed Platforms.Build.0 = Release|Win32
		{537FCF05-5BA7-43CB-9652-35FBF764B18E}.Release|Win32.ActiveCfg = Release|Win32
		{537FCF05-5BA7-43CB-9652-35FBF764B18E}.Release|Win32.Build.0 = Release|Win32
		{97AE86F4-3052-4F52-9943-ABACB217D983}.Debug|Any CPU.ActiveCfg = Debug|Win32
		{97AE86F4-3052-4F52-9943-ABACB217D983}.Debug|Mixed Platforms.ActiveCfg = Debug|Win32
		{97AE86F4-3052-4F52-9943-ABACB217D983}.Debug|Mixed Platforms.Build.0 = Debug|Win32
		{97AE86F4-3052-4F52-9943-ABACB217D983}.Debug|Win32.ActiveCfg = Debug|Win32
		{97AE86F4-3052-4F52-9943-ABACB217D983}.Debug|Win32.Build.0 = Debug|Win32
		{97AE86F4-3052-4F52-9943-ABACB217D983}.Profile|Any CPU.ActiveCfg = Profile|Win32
		{97AE86F4-3052-4F52-9943-ABACB217D983}.Profile|Mixed Platforms.ActiveCfg = Profile|Win32
		{97AE86F4-3052-4F52-9943-ABACB217D983}.Profile|Mixed Platforms.Build.0 = Profile|Win32
		{97AE86F4-3052-4F52-9943-ABACB217D983}.Profile|Win32.ActiveCfg = Profile|Win32
		{97AE86F4-3052-4F52-9943-ABACB217D983}.Profile|Win32.Build.0 = Profile|Win32
		{97AE86F4-3052-4F52-9943-ABACB217D983}.Release|Any CPU.ActiveCfg = Release|Win32
		{97AE86F4-3052-4F52-9943-ABACB217D983}.Release|Mixed Platforms.ActiveCfg = Release|Win32
		{97AE86F4-3052-4F52-9943-ABACB217D983}.Release|Mixed Platforms.Build.0 = Release|Win32
		{97AE86F4-3052-4F52-9943-ABACB217D983}.Release|Win32.ActiveCfg = Release|Win32
		{97AE86F4-3052-4F52-9943-ABACB217D983}.Release|Win32.Build.0 = Release|Win32
		{11828C6D-3E62-45F8-9268-93EB0DD141E9}.Debug|Any CPU.ActiveCfg = Debug|Win32
		{11828C6D-3E62-45F8-9268-93EB0DD141E9}.Debug|Mixed Platforms.ActiveCfg = Debug|Win32
		{11828C6D-3E62-45F8-9268-93EB0DD141E9}.Debug|Mixed Platforms.Build.0 = Debug|Win32
		{11828C6D-3E62-45F8-9268-93EB0DD141E9}.Debug|Win32.ActiveCfg = Debug|Win32
		{11828C6D-3E62-45F8-9268-93EB0DD141E9}.Debug|Win32.Build.0 = Debug|Win32
		{11828C6D-3E62-45F8-9268-93EB0DD141E9}.Profile|Any CPU.ActiveCfg = Release|Win32
		{11828C6D-3E62-45F8-9268-93EB0DD141E9}.Profile|Mixed Platforms.ActiveCfg = Release|Win32
		{11828C6D-3E62-45F8-9268-93EB0DD141E9}.Profile|Mixed Platforms.Build.0 = Release|Win32
		{11828C6D-3E62-45F8-9268-93EB0DD141E9}.Profile|Win32.ActiveCfg = Release|Win32
		{11828C6D-3E62-45F8-9268-93EB0DD141E9}.Profile|Win32.Build.0 = Release|Win32
		{11828C6D-3E62-45F8-9268-93EB0DD141E9}.Release|Any CPU.ActiveCfg = Release|Win32
		{11828C6D-3E62-45F8-9268-93EB0DD141E9}.Release|Mixed Platforms.ActiveCfg = Release|Win32
		{11828C6D-3E62-45F8-9268-93EB0DD141E9}.Release|Mixed Platforms.Build.0 = Release|Win32
		{11828C6D-3E62-45F8-9268-93EB0DD141E9}.Release|Win32.ActiveCfg = Release|Win32
		{11828C6D-3E62-45F8-9268-93EB0DD141E9}.Release|Win32.Build.0 = Release|Win32
		{0500EDC9-9BA6-4D27-A015-0B93DFD784D8}.Debug|Any CPU.ActiveCfg = Debug|Win32
		{0500EDC9-9BA6-4D27-A015-0B93DFD784D8}.Debug|Mixed Platforms.ActiveCfg = Debug|Win32
		{0500EDC9-9BA6-4D27-A015-0B93DFD784D8}.Debug|Mixed Platforms.Build.0 = Debug|Win32
		{0500EDC9-9BA6-4D27-A015-0B93DFD784D8}.Debug|Win32.ActiveCfg = Debug|Win32
		{0500EDC9-9BA6-4D27-A015-0B93DFD784D8}.Debug|Win32.Build.0 = Debug|Win32
		{0500EDC9-9BA6-4D27-A015-0B93DFD784D8}.Profile|Any CPU.ActiveCfg = Release|Win32
		{0500EDC9-9BA6-4D27-A015-0B93DFD784D8}.Profile|Mixed Platforms.ActiveCfg = Release|Win32
		{0500EDC9-9BA6-4D27-A015-0B93DFD784D8}.Profile|Mixed Platforms.Build.0 = Release|Win32
		{0500EDC9-9BA6-4D27-A015-0B93DFD784D8}.Profile|Win32.ActiveCfg = Release|Win32
		{0500EDC9-9BA6-4D27-A015-0B93DFD784D8}.Profile|Win32.Build.0 = Release|Win32
		{0500EDC9-9BA6-4D27-A015-0B93DFD784D8}.Release|Any CPU.ActiveCfg = Release|Win32
		{0500EDC9-9BA6-4D27-A015-0B93DFD784D8}.Release|Mixed Platforms.ActiveCfg = Release|Win32
		{0500EDC9-9BA6-4D27-A015-0B93DFD784D8}.Release|Mixed Platforms.Build.0 = Release|Win32
		{0500EDC9-9BA6-4D27-A015-0B93DFD784D8}.Release|Win32.ActiveCfg = Release|Win32
		{0500EDC9-9BA6-4D27-A015-0B93DFD784D8}.Release|Win32.Build.0 = Release|Win32
		{17932C15-15B0-42DF-BE6C-7B099B18CDBF}.Debug|Any CPU.ActiveCfg = Debug|Win32
		{17932C15-15B0-42DF-BE6C-7B099B18CDBF}.Debug|Mixed Platforms.ActiveCfg = Debug|Win32
		{17932C15-15B0-42DF-BE6C-7B099B18CDBF}.Debug|Mixed Platforms.Build.0 = Debug|Win32
		{17932C15-15B0-42DF-BE6C-7B099B18CDBF}.Debug|Win32.ActiveCfg = Debug|Win32
		{17932C15-15B0-42DF-BE6C-7B099B18CDBF}.Debug|Win32.Build.0 = Debug|Win32
		{17932C15-15B0-42DF-BE6C-7B099B18CDBF}.Profile|Any CPU.ActiveCfg = Release|Win32
		{17932C15-15B0-42DF-BE6C-7B099B18CDBF}.Profile|Mixed Platforms.ActiveCfg = Release|Win32
		{17932C15-15B0-42DF-BE6C-7B099B18CDBF}.Profile|Mixed Platforms.Build.0 = Release|Win32
		{17932C15-15B0-42DF-BE6C-7B099B18CDBF}.Profile|Win32.ActiveCfg = Release|Win32
		{17932C15-15B0-42DF-BE6C-7B099B18CDBF}.Profile|Win32.Build.0 = Release|Win32
		{17932C15-15B0-42DF-BE6C-7B099B18CDBF}.Release|Any CPU.ActiveCfg = Release|Win32
		{17932C15-15B0-42DF-BE6C-7B099B18CDBF}.Release|Mixed Platforms.ActiveCfg = Release|Win32
		{17932C15-15B0-42DF-BE6C-7B099B18CDBF}.Release|Mixed Platforms.Build.0 = Release|Win32
		{17932C15-15B0-42DF-BE6C-7B099B18CDBF}.Release|Win32.ActiveCfg = Release|Win32
		{17932C15-15B0-42DF-BE6C-7B099B18CDBF}.Release|Win32.Build.0 = Release|Win32
		{F99A6C5F-FF25-46D2-B91D-0A1174AB2CBE}.Debug|Any CPU.ActiveCfg = Debug|Any CPU
		{F99A6C5F-FF25-46D2-B91D-0A1174AB2CBE}.Debug|Any CPU.Build.0 = Debug|Any CPU
		{F99A6C5F-FF25-46D2-B91D-0A1174AB2CBE}.Debug|Mixed Platforms.ActiveCfg = Debug|Any CPU
		{F99A6C5F-FF25-46D2-B91D-0A1174AB2CBE}.Debug|Mixed Platforms.Build.0 = Debug|Any CPU
		{F99A6C5F-FF25-46D2-B91D-0A1174AB2CBE}.Debug|Win32.ActiveCfg = Debug|Any CPU
		{F99A6C5F-FF25-46D2-B91D-0A1174AB2CBE}.Profile|Any CPU.ActiveCfg = Release|Any CPU
		{F99A6C5F-FF25-46D2-B91D-0A1174AB2CBE}.Profile|Any CPU.Build.0 = Release|Any CPU
		{F99A6C5F-FF25-46D2-B91D-0A1174AB2CBE}.Profile|Mixed Platforms.ActiveCfg = Release|Any CPU
		{F99A6C5F-FF25-46D2-B91D-0A1174AB2CBE}.Profile|Mixed Platforms.Build.0 = Release|Any CPU
		{F99A6C5F-FF25-46D2-B91D-0A1174AB2CBE}.Profile|Win32.ActiveCfg = Release|Any CPU
		{F99A6C5F-FF25-46D2-B91D-0A1174AB2CBE}.Release|Any CPU.ActiveCfg = Release|Any CPU
		{F99A6C5F-FF25-46D2-B91D-0A1174AB2CBE}.Release|Any CPU.Build.0 = Release|Any CPU
		{F99A6C5F-FF25-46D2-B91D-0A1174AB2CBE}.Release|Mixed Platforms.ActiveCfg = Release|Any CPU
		{F99A6C5F-FF25-46D2-B91D-0A1174AB2CBE}.Release|Mixed Platforms.Build.0 = Release|Any CPU
		{F99A6C5F-FF25-46D2-B91D-0A1174AB2CBE}.Release|Win32.ActiveCfg = Release|Any CPU
		{4B6FF094-9074-4BDF-BD0A-32D6AD5C0AC6}.Debug|Any CPU.ActiveCfg = Debug|Win32
		{4B6FF094-9074-4BDF-BD0A-32D6AD5C0AC6}.Debug|Mixed Platforms.ActiveCfg = Debug|Win32
		{4B6FF094-9074-4BDF-BD0A-32D6AD5C0AC6}.Debug|Mixed Platforms.Build.0 = Debug|Win32
		{4B6FF094-9074-4BDF-BD0A-32D6AD5C0AC6}.Debug|Win32.ActiveCfg = Debug|Win32
		{4B6FF094-9074-4BDF-BD0A-32D6AD5C0AC6}.Debug|Win32.Build.0 = Debug|Win32
		{4B6FF094-9074-4BDF-BD0A-32D6AD5C0AC6}.Profile|Any CPU.ActiveCfg = Release|Win32
		{4B6FF094-9074-4BDF-BD0A-32D6AD5C0AC6}.Profile|Mixed Platforms.ActiveCfg = Release|Win32
		{4B6FF094-9074-4BDF-BD0A-32D6AD5C0AC6}.Profile|Mixed Platforms.Build.0 = Release|Win32
		{4B6FF094-9074-4BDF-BD0A-32D6AD5C0AC6}.Profile|Win32.ActiveCfg = Release|Win32
		{4B6FF094-9074-4BDF-BD0A-32D6AD5C0AC6}.Profile|Win32.Build.0 = Release|Win32
		{4B6FF094-9074-4BDF-BD0A-32D6AD5C0AC6}.Release|Any CPU.ActiveCfg = Release|Win32
		{4B6FF094-9074-4BDF-BD0A-32D6AD5C0AC6}.Release|Mixed Platforms.ActiveCfg = Release|Win32
		{4B6FF094-9074-4BDF-BD0A-32D6AD5C0AC6}.Release|Mixed Platforms.Build.0 = Release|Win32
		{4B6FF094-9074-4BDF-BD0A-32D6AD5C0AC6}.Release|Win32.ActiveCfg = Release|Win32
		{4B6FF094-9074-4BDF-BD0A-32D6AD5C0AC6}.Release|Win32.Build.0 = Release|Win32
	EndGlobalSection
	GlobalSection(SolutionProperties) = preSolution
		HideSolutionNode = FALSE
	EndGlobalSection
	GlobalSection(NestedProjects) = preSolution
		{0500EDC9-9BA6-4D27-A015-0B93DFD784D8} = {E229AA4E-6409-4BA1-AEE0-5384ED038349}
		{4B6FF094-9074-4BDF-BD0A-32D6AD5C0AC6} = {E229AA4E-6409-4BA1-AEE0-5384ED038349}
		{537FCF05-5BA7-43CB-9652-35FBF764B18E} = {E229AA4E-6409-4BA1-AEE0-5384ED038349}
		{97AE86F4-3052-4F52-9943-ABACB217D983} = {75357CBD-D2B7-40B8-900E-D717CE554847}
		{11828C6D-3E62-45F8-9268-93EB0DD141E9} = {75357CBD-D2B7-40B8-900E-D717CE554847}
		{17932C15-15B0-42DF-BE6C-7B099B18CDBF} = {75357CBD-D2B7-40B8-900E-D717CE554847}
		{F99A6C5F-FF25-46D2-B91D-0A1174AB2CBE} = {75357CBD-D2B7-40B8-900E-D717CE554847}
	EndGlobalSection
EndGlobal
