
Microsoft Visual Studio Solution File, Format Version 10.00
# Visual Studio 2008
Project("{2150E333-8FDC-42A3-9474-1A3956D46DE8}") = "tests", "tests", "{75357CBD-D2B7-40B8-900E-D717CE554847}"
EndProject
Project("{2150E333-8FDC-42A3-9474-1A3956D46DE8}") = "games", "games", "{2B51B244-2DF7-40D7-A7EF-3DFE3466D91E}"
EndProject
Project("{2150E333-8FDC-42A3-9474-1A3956D46DE8}") = "interface", "interface", "{8D46154F-D87F-45BF-A592-F744CFA52D71}"
	ProjectSection(SolutionItems) = preProject
		..\..\include\bikini.hpp = ..\..\include\bikini.hpp
		..\..\include\config.hpp = ..\..\include\config.hpp
	EndProjectSection
EndProject
Project("{2150E333-8FDC-42A3-9474-1A3956D46DE8}") = "tools", "tools", "{71F10718-C4A2-4247-AA28-BE8E0D597BA0}"
EndProject
Project("{2150E333-8FDC-42A3-9474-1A3956D46DE8}") = "library", "library", "{E229AA4E-6409-4BA1-AEE0-5384ED038349}"
EndProject
Project("{8BC9CEB8-8B4A-11D0-8D11-00A0C91BC942}") = "base", "base\base.vcproj", "{537FCF05-5BA7-43CB-9652-35FBF764B18E}"
EndProject
Project("{8BC9CEB8-8B4A-11D0-8D11-00A0C91BC942}") = "test_math", "..\tests\test_math\test_math.vcproj", "{97AE86F4-3052-4F52-9943-ABACB217D983}"
	ProjectSection(ProjectDependencies) = postProject
		{537FCF05-5BA7-43CB-9652-35FBF764B18E} = {537FCF05-5BA7-43CB-9652-35FBF764B18E}
		{4B6FF094-9074-4BDF-BD0A-32D6AD5C0AC6} = {4B6FF094-9074-4BDF-BD0A-32D6AD5C0AC6}
	EndProjectSection
EndProject
Project("{8BC9CEB8-8B4A-11D0-8D11-00A0C91BC942}") = "test_application", "..\tests\test_application\test_application.vcproj", "{11828C6D-3E62-45F8-9268-93EB0DD141E9}"
	ProjectSection(ProjectDependencies) = postProject
		{537FCF05-5BA7-43CB-9652-35FBF764B18E} = {537FCF05-5BA7-43CB-9652-35FBF764B18E}
		{DF1BAF32-3923-4B03-AFDA-6B52D1DAF78C} = {DF1BAF32-3923-4B03-AFDA-6B52D1DAF78C}
		{4B6FF094-9074-4BDF-BD0A-32D6AD5C0AC6} = {4B6FF094-9074-4BDF-BD0A-32D6AD5C0AC6}
		{E9FBD2F6-34AC-49F4-9486-F0AA6D24A27F} = {E9FBD2F6-34AC-49F4-9486-F0AA6D24A27F}
	EndProjectSection
EndProject
Project("{8BC9CEB8-8B4A-11D0-8D11-00A0C91BC942}") = "test_MFC", "..\tests\test_MFC\test_MFC.vcproj", "{17932C15-15B0-42DF-BE6C-7B099B18CDBF}"
	ProjectSection(ProjectDependencies) = postProject
		{537FCF05-5BA7-43CB-9652-35FBF764B18E} = {537FCF05-5BA7-43CB-9652-35FBF764B18E}
		{4B6FF094-9074-4BDF-BD0A-32D6AD5C0AC6} = {4B6FF094-9074-4BDF-BD0A-32D6AD5C0AC6}
		{E9FBD2F6-34AC-49F4-9486-F0AA6D24A27F} = {E9FBD2F6-34AC-49F4-9486-F0AA6D24A27F}
	EndProjectSection
EndProject
Project("{8BC9CEB8-8B4A-11D0-8D11-00A0C91BC942}") = "system", "system\system.vcproj", "{4B6FF094-9074-4BDF-BD0A-32D6AD5C0AC6}"
EndProject
Project("{8BC9CEB8-8B4A-11D0-8D11-00A0C91BC942}") = "display", "display\display.vcproj", "{E9FBD2F6-34AC-49F4-9486-F0AA6D24A27F}"
EndProject
Project("{8BC9CEB8-8B4A-11D0-8D11-00A0C91BC942}") = "flash", "flash\flash.vcproj", "{DF1BAF32-3923-4B03-AFDA-6B52D1DAF78C}"
EndProject
Project("{8BC9CEB8-8B4A-11D0-8D11-00A0C91BC942}") = "test_watch", "..\tests\test_watch\test_watch.vcproj", "{016FE2D2-23C5-4216-B551-6EC5BAFBCF4F}"
	ProjectSection(ProjectDependencies) = postProject
		{537FCF05-5BA7-43CB-9652-35FBF764B18E} = {537FCF05-5BA7-43CB-9652-35FBF764B18E}
	EndProjectSection
EndProject
Project("{8BC9CEB8-8B4A-11D0-8D11-00A0C91BC942}") = "test_VOCC", "..\tests\test_VOCC\test_VOCC.vcproj", "{A2E18425-C74F-4D07-AA50-27748E3E7E6F}"
	ProjectSection(ProjectDependencies) = postProject
		{537FCF05-5BA7-43CB-9652-35FBF764B18E} = {537FCF05-5BA7-43CB-9652-35FBF764B18E}
		{4B6FF094-9074-4BDF-BD0A-32D6AD5C0AC6} = {4B6FF094-9074-4BDF-BD0A-32D6AD5C0AC6}
		{E9FBD2F6-34AC-49F4-9486-F0AA6D24A27F} = {E9FBD2F6-34AC-49F4-9486-F0AA6D24A27F}
	EndProjectSection
EndProject
Project("{8BC9CEB8-8B4A-11D0-8D11-00A0C91BC942}") = "test_gtest", "..\tests\test_gtest\test_gtest.vcproj", "{1B1BA396-4506-4242-AAC1-77D94CC0E751}"
	ProjectSection(ProjectDependencies) = postProject
		{537FCF05-5BA7-43CB-9652-35FBF764B18E} = {537FCF05-5BA7-43CB-9652-35FBF764B18E}
		{4B6FF094-9074-4BDF-BD0A-32D6AD5C0AC6} = {4B6FF094-9074-4BDF-BD0A-32D6AD5C0AC6}
	EndProjectSection
EndProject
Project("{8BC9CEB8-8B4A-11D0-8D11-00A0C91BC942}") = "editor", "..\tools\editor\editor.vcproj", "{228FC16E-E7E1-413F-AB47-4CA295D8C242}"
	ProjectSection(ProjectDependencies) = postProject
		{537FCF05-5BA7-43CB-9652-35FBF764B18E} = {537FCF05-5BA7-43CB-9652-35FBF764B18E}
		{4B6FF094-9074-4BDF-BD0A-32D6AD5C0AC6} = {4B6FF094-9074-4BDF-BD0A-32D6AD5C0AC6}
	EndProjectSection
EndProject
Global
	GlobalSection(SolutionConfigurationPlatforms) = preSolution
		Debug|Any CPU = Debug|Any CPU
		Debug|Mixed Platforms = Debug|Mixed Platforms
		Debug|Win32 = Debug|Win32
		Debug|Xbox 360 = Debug|Xbox 360
		Release|Any CPU = Release|Any CPU
		Release|Mixed Platforms = Release|Mixed Platforms
		Release|Win32 = Release|Win32
		Release|Xbox 360 = Release|Xbox 360
	EndGlobalSection
	GlobalSection(ProjectConfigurationPlatforms) = postSolution
		{537FCF05-5BA7-43CB-9652-35FBF764B18E}.Debug|Any CPU.ActiveCfg = Debug|Win32
		{537FCF05-5BA7-43CB-9652-35FBF764B18E}.Debug|Mixed Platforms.ActiveCfg = Debug|Win32
		{537FCF05-5BA7-43CB-9652-35FBF764B18E}.Debug|Mixed Platforms.Build.0 = Debug|Win32
		{537FCF05-5BA7-43CB-9652-35FBF764B18E}.Debug|Win32.ActiveCfg = Debug|Win32
		{537FCF05-5BA7-43CB-9652-35FBF764B18E}.Debug|Win32.Build.0 = Debug|Win32
		{537FCF05-5BA7-43CB-9652-35FBF764B18E}.Debug|Xbox 360.ActiveCfg = Debug|Xbox 360
		{537FCF05-5BA7-43CB-9652-35FBF764B18E}.Debug|Xbox 360.Build.0 = Debug|Xbox 360
		{537FCF05-5BA7-43CB-9652-35FBF764B18E}.Release|Any CPU.ActiveCfg = Release|Win32
		{537FCF05-5BA7-43CB-9652-35FBF764B18E}.Release|Mixed Platforms.ActiveCfg = Release|Win32
		{537FCF05-5BA7-43CB-9652-35FBF764B18E}.Release|Mixed Platforms.Build.0 = Release|Win32
		{537FCF05-5BA7-43CB-9652-35FBF764B18E}.Release|Win32.ActiveCfg = Release|Win32
		{537FCF05-5BA7-43CB-9652-35FBF764B18E}.Release|Win32.Build.0 = Release|Win32
		{537FCF05-5BA7-43CB-9652-35FBF764B18E}.Release|Xbox 360.ActiveCfg = Release|Xbox 360
		{537FCF05-5BA7-43CB-9652-35FBF764B18E}.Release|Xbox 360.Build.0 = Release|Xbox 360
		{97AE86F4-3052-4F52-9943-ABACB217D983}.Debug|Any CPU.ActiveCfg = Debug|Win32
		{97AE86F4-3052-4F52-9943-ABACB217D983}.Debug|Mixed Platforms.ActiveCfg = Debug|Win32
		{97AE86F4-3052-4F52-9943-ABACB217D983}.Debug|Mixed Platforms.Build.0 = Debug|Win32
		{97AE86F4-3052-4F52-9943-ABACB217D983}.Debug|Win32.ActiveCfg = Debug|Win32
		{97AE86F4-3052-4F52-9943-ABACB217D983}.Debug|Win32.Build.0 = Debug|Win32
		{97AE86F4-3052-4F52-9943-ABACB217D983}.Debug|Xbox 360.ActiveCfg = Debug|Win32
		{97AE86F4-3052-4F52-9943-ABACB217D983}.Release|Any CPU.ActiveCfg = Release|Win32
		{97AE86F4-3052-4F52-9943-ABACB217D983}.Release|Mixed Platforms.ActiveCfg = Release|Win32
		{97AE86F4-3052-4F52-9943-ABACB217D983}.Release|Mixed Platforms.Build.0 = Release|Win32
		{97AE86F4-3052-4F52-9943-ABACB217D983}.Release|Win32.ActiveCfg = Release|Win32
		{97AE86F4-3052-4F52-9943-ABACB217D983}.Release|Win32.Build.0 = Release|Win32
		{97AE86F4-3052-4F52-9943-ABACB217D983}.Release|Xbox 360.ActiveCfg = Release|Win32
		{11828C6D-3E62-45F8-9268-93EB0DD141E9}.Debug|Any CPU.ActiveCfg = Debug|Win32
		{11828C6D-3E62-45F8-9268-93EB0DD141E9}.Debug|Mixed Platforms.ActiveCfg = Debug|Win32
		{11828C6D-3E62-45F8-9268-93EB0DD141E9}.Debug|Mixed Platforms.Build.0 = Debug|Win32
		{11828C6D-3E62-45F8-9268-93EB0DD141E9}.Debug|Win32.ActiveCfg = Debug|Win32
		{11828C6D-3E62-45F8-9268-93EB0DD141E9}.Debug|Win32.Build.0 = Debug|Win32
		{11828C6D-3E62-45F8-9268-93EB0DD141E9}.Debug|Xbox 360.ActiveCfg = Debug|Xbox 360
		{11828C6D-3E62-45F8-9268-93EB0DD141E9}.Debug|Xbox 360.Build.0 = Debug|Xbox 360
		{11828C6D-3E62-45F8-9268-93EB0DD141E9}.Release|Any CPU.ActiveCfg = Release|Win32
		{11828C6D-3E62-45F8-9268-93EB0DD141E9}.Release|Mixed Platforms.ActiveCfg = Release|Win32
		{11828C6D-3E62-45F8-9268-93EB0DD141E9}.Release|Mixed Platforms.Build.0 = Release|Win32
		{11828C6D-3E62-45F8-9268-93EB0DD141E9}.Release|Win32.ActiveCfg = Release|Win32
		{11828C6D-3E62-45F8-9268-93EB0DD141E9}.Release|Win32.Build.0 = Release|Win32
		{11828C6D-3E62-45F8-9268-93EB0DD141E9}.Release|Xbox 360.ActiveCfg = Release|Xbox 360
		{11828C6D-3E62-45F8-9268-93EB0DD141E9}.Release|Xbox 360.Build.0 = Release|Xbox 360
		{17932C15-15B0-42DF-BE6C-7B099B18CDBF}.Debug|Any CPU.ActiveCfg = Debug|Win32
		{17932C15-15B0-42DF-BE6C-7B099B18CDBF}.Debug|Mixed Platforms.ActiveCfg = Debug|Win32
		{17932C15-15B0-42DF-BE6C-7B099B18CDBF}.Debug|Mixed Platforms.Build.0 = Debug|Win32
		{17932C15-15B0-42DF-BE6C-7B099B18CDBF}.Debug|Win32.ActiveCfg = Debug|Win32
		{17932C15-15B0-42DF-BE6C-7B099B18CDBF}.Debug|Win32.Build.0 = Debug|Win32
		{17932C15-15B0-42DF-BE6C-7B099B18CDBF}.Debug|Xbox 360.ActiveCfg = Debug|Win32
		{17932C15-15B0-42DF-BE6C-7B099B18CDBF}.Release|Any CPU.ActiveCfg = Release|Win32
		{17932C15-15B0-42DF-BE6C-7B099B18CDBF}.Release|Mixed Platforms.ActiveCfg = Release|Win32
		{17932C15-15B0-42DF-BE6C-7B099B18CDBF}.Release|Mixed Platforms.Build.0 = Release|Win32
		{17932C15-15B0-42DF-BE6C-7B099B18CDBF}.Release|Win32.ActiveCfg = Release|Win32
		{17932C15-15B0-42DF-BE6C-7B099B18CDBF}.Release|Win32.Build.0 = Release|Win32
		{17932C15-15B0-42DF-BE6C-7B099B18CDBF}.Release|Xbox 360.ActiveCfg = Release|Win32
		{4B6FF094-9074-4BDF-BD0A-32D6AD5C0AC6}.Debug|Any CPU.ActiveCfg = Debug|Win32
		{4B6FF094-9074-4BDF-BD0A-32D6AD5C0AC6}.Debug|Mixed Platforms.ActiveCfg = Debug|Win32
		{4B6FF094-9074-4BDF-BD0A-32D6AD5C0AC6}.Debug|Mixed Platforms.Build.0 = Debug|Win32
		{4B6FF094-9074-4BDF-BD0A-32D6AD5C0AC6}.Debug|Win32.ActiveCfg = Debug|Win32
		{4B6FF094-9074-4BDF-BD0A-32D6AD5C0AC6}.Debug|Win32.Build.0 = Debug|Win32
		{4B6FF094-9074-4BDF-BD0A-32D6AD5C0AC6}.Debug|Xbox 360.ActiveCfg = Debug|Xbox 360
		{4B6FF094-9074-4BDF-BD0A-32D6AD5C0AC6}.Debug|Xbox 360.Build.0 = Debug|Xbox 360
		{4B6FF094-9074-4BDF-BD0A-32D6AD5C0AC6}.Release|Any CPU.ActiveCfg = Release|Win32
		{4B6FF094-9074-4BDF-BD0A-32D6AD5C0AC6}.Release|Mixed Platforms.ActiveCfg = Release|Win32
		{4B6FF094-9074-4BDF-BD0A-32D6AD5C0AC6}.Release|Mixed Platforms.Build.0 = Release|Win32
		{4B6FF094-9074-4BDF-BD0A-32D6AD5C0AC6}.Release|Win32.ActiveCfg = Release|Win32
		{4B6FF094-9074-4BDF-BD0A-32D6AD5C0AC6}.Release|Win32.Build.0 = Release|Win32
		{4B6FF094-9074-4BDF-BD0A-32D6AD5C0AC6}.Release|Xbox 360.ActiveCfg = Release|Xbox 360
		{4B6FF094-9074-4BDF-BD0A-32D6AD5C0AC6}.Release|Xbox 360.Build.0 = Release|Xbox 360
		{E9FBD2F6-34AC-49F4-9486-F0AA6D24A27F}.Debug|Any CPU.ActiveCfg = Debug|Win32
		{E9FBD2F6-34AC-49F4-9486-F0AA6D24A27F}.Debug|Mixed Platforms.ActiveCfg = Debug|Win32
		{E9FBD2F6-34AC-49F4-9486-F0AA6D24A27F}.Debug|Mixed Platforms.Build.0 = Debug|Win32
		{E9FBD2F6-34AC-49F4-9486-F0AA6D24A27F}.Debug|Win32.ActiveCfg = Debug|Win32
		{E9FBD2F6-34AC-49F4-9486-F0AA6D24A27F}.Debug|Win32.Build.0 = Debug|Win32
		{E9FBD2F6-34AC-49F4-9486-F0AA6D24A27F}.Debug|Xbox 360.ActiveCfg = Debug|Xbox 360
		{E9FBD2F6-34AC-49F4-9486-F0AA6D24A27F}.Debug|Xbox 360.Build.0 = Debug|Xbox 360
		{E9FBD2F6-34AC-49F4-9486-F0AA6D24A27F}.Release|Any CPU.ActiveCfg = Release|Win32
		{E9FBD2F6-34AC-49F4-9486-F0AA6D24A27F}.Release|Mixed Platforms.ActiveCfg = Release|Win32
		{E9FBD2F6-34AC-49F4-9486-F0AA6D24A27F}.Release|Mixed Platforms.Build.0 = Release|Win32
		{E9FBD2F6-34AC-49F4-9486-F0AA6D24A27F}.Release|Win32.ActiveCfg = Release|Win32
		{E9FBD2F6-34AC-49F4-9486-F0AA6D24A27F}.Release|Win32.Build.0 = Release|Win32
		{E9FBD2F6-34AC-49F4-9486-F0AA6D24A27F}.Release|Xbox 360.ActiveCfg = Release|Xbox 360
		{E9FBD2F6-34AC-49F4-9486-F0AA6D24A27F}.Release|Xbox 360.Build.0 = Release|Xbox 360
		{DF1BAF32-3923-4B03-AFDA-6B52D1DAF78C}.Debug|Any CPU.ActiveCfg = Debug|Win32
		{DF1BAF32-3923-4B03-AFDA-6B52D1DAF78C}.Debug|Mixed Platforms.ActiveCfg = Debug|Win32
		{DF1BAF32-3923-4B03-AFDA-6B52D1DAF78C}.Debug|Mixed Platforms.Build.0 = Debug|Win32
		{DF1BAF32-3923-4B03-AFDA-6B52D1DAF78C}.Debug|Win32.ActiveCfg = Debug|Win32
		{DF1BAF32-3923-4B03-AFDA-6B52D1DAF78C}.Debug|Win32.Build.0 = Debug|Win32
		{DF1BAF32-3923-4B03-AFDA-6B52D1DAF78C}.Debug|Xbox 360.ActiveCfg = Debug|Win32
		{DF1BAF32-3923-4B03-AFDA-6B52D1DAF78C}.Release|Any CPU.ActiveCfg = Release|Win32
		{DF1BAF32-3923-4B03-AFDA-6B52D1DAF78C}.Release|Mixed Platforms.ActiveCfg = Release|Win32
		{DF1BAF32-3923-4B03-AFDA-6B52D1DAF78C}.Release|Mixed Platforms.Build.0 = Release|Win32
		{DF1BAF32-3923-4B03-AFDA-6B52D1DAF78C}.Release|Win32.ActiveCfg = Release|Win32
		{DF1BAF32-3923-4B03-AFDA-6B52D1DAF78C}.Release|Win32.Build.0 = Release|Win32
		{DF1BAF32-3923-4B03-AFDA-6B52D1DAF78C}.Release|Xbox 360.ActiveCfg = Release|Win32
		{016FE2D2-23C5-4216-B551-6EC5BAFBCF4F}.Debug|Any CPU.ActiveCfg = Debug|Win32
		{016FE2D2-23C5-4216-B551-6EC5BAFBCF4F}.Debug|Mixed Platforms.ActiveCfg = Debug|Win32
		{016FE2D2-23C5-4216-B551-6EC5BAFBCF4F}.Debug|Mixed Platforms.Build.0 = Debug|Win32
		{016FE2D2-23C5-4216-B551-6EC5BAFBCF4F}.Debug|Win32.ActiveCfg = Debug|Win32
		{016FE2D2-23C5-4216-B551-6EC5BAFBCF4F}.Debug|Win32.Build.0 = Debug|Win32
		{016FE2D2-23C5-4216-B551-6EC5BAFBCF4F}.Debug|Xbox 360.ActiveCfg = Debug|Win32
		{016FE2D2-23C5-4216-B551-6EC5BAFBCF4F}.Release|Any CPU.ActiveCfg = Release|Win32
		{016FE2D2-23C5-4216-B551-6EC5BAFBCF4F}.Release|Mixed Platforms.ActiveCfg = Release|Win32
		{016FE2D2-23C5-4216-B551-6EC5BAFBCF4F}.Release|Mixed Platforms.Build.0 = Release|Win32
		{016FE2D2-23C5-4216-B551-6EC5BAFBCF4F}.Release|Win32.ActiveCfg = Release|Win32
		{016FE2D2-23C5-4216-B551-6EC5BAFBCF4F}.Release|Win32.Build.0 = Release|Win32
		{016FE2D2-23C5-4216-B551-6EC5BAFBCF4F}.Release|Xbox 360.ActiveCfg = Release|Win32
		{A2E18425-C74F-4D07-AA50-27748E3E7E6F}.Debug|Any CPU.ActiveCfg = Debug|Win32
		{A2E18425-C74F-4D07-AA50-27748E3E7E6F}.Debug|Mixed Platforms.ActiveCfg = Debug|Win32
		{A2E18425-C74F-4D07-AA50-27748E3E7E6F}.Debug|Mixed Platforms.Build.0 = Debug|Win32
		{A2E18425-C74F-4D07-AA50-27748E3E7E6F}.Debug|Win32.ActiveCfg = Debug|Win32
		{A2E18425-C74F-4D07-AA50-27748E3E7E6F}.Debug|Win32.Build.0 = Debug|Win32
		{A2E18425-C74F-4D07-AA50-27748E3E7E6F}.Debug|Xbox 360.ActiveCfg = Debug|Win32
		{A2E18425-C74F-4D07-AA50-27748E3E7E6F}.Release|Any CPU.ActiveCfg = Release|Win32
		{A2E18425-C74F-4D07-AA50-27748E3E7E6F}.Release|Mixed Platforms.ActiveCfg = Release|Win32
		{A2E18425-C74F-4D07-AA50-27748E3E7E6F}.Release|Mixed Platforms.Build.0 = Release|Win32
		{A2E18425-C74F-4D07-AA50-27748E3E7E6F}.Release|Win32.ActiveCfg = Release|Win32
		{A2E18425-C74F-4D07-AA50-27748E3E7E6F}.Release|Win32.Build.0 = Release|Win32
		{A2E18425-C74F-4D07-AA50-27748E3E7E6F}.Release|Xbox 360.ActiveCfg = Release|Win32
		{1B1BA396-4506-4242-AAC1-77D94CC0E751}.Debug|Any CPU.ActiveCfg = Debug|Win32
		{1B1BA396-4506-4242-AAC1-77D94CC0E751}.Debug|Mixed Platforms.ActiveCfg = Debug|Win32
		{1B1BA396-4506-4242-AAC1-77D94CC0E751}.Debug|Mixed Platforms.Build.0 = Debug|Win32
		{1B1BA396-4506-4242-AAC1-77D94CC0E751}.Debug|Win32.ActiveCfg = Debug|Win32
		{1B1BA396-4506-4242-AAC1-77D94CC0E751}.Debug|Win32.Build.0 = Debug|Win32
		{1B1BA396-4506-4242-AAC1-77D94CC0E751}.Debug|Xbox 360.ActiveCfg = Debug|Win32
		{1B1BA396-4506-4242-AAC1-77D94CC0E751}.Release|Any CPU.ActiveCfg = Release|Win32
		{1B1BA396-4506-4242-AAC1-77D94CC0E751}.Release|Mixed Platforms.ActiveCfg = Release|Win32
		{1B1BA396-4506-4242-AAC1-77D94CC0E751}.Release|Mixed Platforms.Build.0 = Release|Win32
		{1B1BA396-4506-4242-AAC1-77D94CC0E751}.Release|Win32.ActiveCfg = Release|Win32
		{1B1BA396-4506-4242-AAC1-77D94CC0E751}.Release|Win32.Build.0 = Release|Win32
		{1B1BA396-4506-4242-AAC1-77D94CC0E751}.Release|Xbox 360.ActiveCfg = Release|Win32
		{228FC16E-E7E1-413F-AB47-4CA295D8C242}.Debug|Any CPU.ActiveCfg = Debug|Win32
		{228FC16E-E7E1-413F-AB47-4CA295D8C242}.Debug|Mixed Platforms.ActiveCfg = Debug|Win32
		{228FC16E-E7E1-413F-AB47-4CA295D8C242}.Debug|Mixed Platforms.Build.0 = Debug|Win32
		{228FC16E-E7E1-413F-AB47-4CA295D8C242}.Debug|Win32.ActiveCfg = Debug|Win32
		{228FC16E-E7E1-413F-AB47-4CA295D8C242}.Debug|Win32.Build.0 = Debug|Win32
		{228FC16E-E7E1-413F-AB47-4CA295D8C242}.Debug|Xbox 360.ActiveCfg = Debug|Win32
		{228FC16E-E7E1-413F-AB47-4CA295D8C242}.Release|Any CPU.ActiveCfg = Release|Win32
		{228FC16E-E7E1-413F-AB47-4CA295D8C242}.Release|Mixed Platforms.ActiveCfg = Release|Win32
		{228FC16E-E7E1-413F-AB47-4CA295D8C242}.Release|Mixed Platforms.Build.0 = Release|Win32
		{228FC16E-E7E1-413F-AB47-4CA295D8C242}.Release|Win32.ActiveCfg = Release|Win32
		{228FC16E-E7E1-413F-AB47-4CA295D8C242}.Release|Win32.Build.0 = Release|Win32
		{228FC16E-E7E1-413F-AB47-4CA295D8C242}.Release|Xbox 360.ActiveCfg = Release|Win32
	EndGlobalSection
	GlobalSection(SolutionProperties) = preSolution
		HideSolutionNode = FALSE
	EndGlobalSection
	GlobalSection(NestedProjects) = preSolution
		{97AE86F4-3052-4F52-9943-ABACB217D983} = {75357CBD-D2B7-40B8-900E-D717CE554847}
		{11828C6D-3E62-45F8-9268-93EB0DD141E9} = {75357CBD-D2B7-40B8-900E-D717CE554847}
		{17932C15-15B0-42DF-BE6C-7B099B18CDBF} = {75357CBD-D2B7-40B8-900E-D717CE554847}
		{016FE2D2-23C5-4216-B551-6EC5BAFBCF4F} = {75357CBD-D2B7-40B8-900E-D717CE554847}
		{A2E18425-C74F-4D07-AA50-27748E3E7E6F} = {75357CBD-D2B7-40B8-900E-D717CE554847}
		{1B1BA396-4506-4242-AAC1-77D94CC0E751} = {75357CBD-D2B7-40B8-900E-D717CE554847}
		{228FC16E-E7E1-413F-AB47-4CA295D8C242} = {71F10718-C4A2-4247-AA28-BE8E0D597BA0}
		{537FCF05-5BA7-43CB-9652-35FBF764B18E} = {E229AA4E-6409-4BA1-AEE0-5384ED038349}
		{4B6FF094-9074-4BDF-BD0A-32D6AD5C0AC6} = {E229AA4E-6409-4BA1-AEE0-5384ED038349}
		{E9FBD2F6-34AC-49F4-9486-F0AA6D24A27F} = {E229AA4E-6409-4BA1-AEE0-5384ED038349}
		{DF1BAF32-3923-4B03-AFDA-6B52D1DAF78C} = {E229AA4E-6409-4BA1-AEE0-5384ED038349}
	EndGlobalSection
EndGlobal
