
Microsoft Visual Studio Solution File, Format Version 9.00
# Visual Studio 2005
Project("{8BC9CEB8-8B4A-11D0-8D11-00A0C91BC942}") = "base", "base\base.vcproj", "{537FCF05-5BA7-43CB-9652-35FBF764B18E}"
EndProject
Project("{2150E333-8FDC-42A3-9474-1A3956D46DE8}") = "tests", "tests", "{75357CBD-D2B7-40B8-900E-D717CE554847}"
EndProject
Project("{2150E333-8FDC-42A3-9474-1A3956D46DE8}") = "games", "games", "{2B51B244-2DF7-40D7-A7EF-3DFE3466D91E}"
EndProject
Project("{8BC9CEB8-8B4A-11D0-8D11-00A0C91BC942}") = "test_math", "..\tests\test_math\test_math.vcproj", "{97AE86F4-3052-4F52-9943-ABACB217D983}"
	ProjectSection(ProjectDependencies) = postProject
		{537FCF05-5BA7-43CB-9652-35FBF764B18E} = {537FCF05-5BA7-43CB-9652-35FBF764B18E}
	EndProjectSection
EndProject
Project("{2150E333-8FDC-42A3-9474-1A3956D46DE8}") = "interface", "interface", "{8D46154F-D87F-45BF-A592-F744CFA52D71}"
	ProjectSection(SolutionItems) = preProject
		..\..\include\bikini.hpp = ..\..\include\bikini.hpp
		..\..\include\config.hpp = ..\..\include\config.hpp
	EndProjectSection
EndProject
Project("{8BC9CEB8-8B4A-11D0-8D11-00A0C91BC942}") = "test_application", "..\tests\test_application\test_application.vcproj", "{11828C6D-3E62-45F8-9268-93EB0DD141E9}"
	ProjectSection(ProjectDependencies) = postProject
		{537FCF05-5BA7-43CB-9652-35FBF764B18E} = {537FCF05-5BA7-43CB-9652-35FBF764B18E}
		{DF1BAF32-3923-4B03-AFDA-6B52D1DAF78C} = {DF1BAF32-3923-4B03-AFDA-6B52D1DAF78C}
		{E9FBD2F6-34AC-49F4-9486-F0AA6D24A27F} = {E9FBD2F6-34AC-49F4-9486-F0AA6D24A27F}
		{4B6FF094-9074-4BDF-BD0A-32D6AD5C0AC6} = {4B6FF094-9074-4BDF-BD0A-32D6AD5C0AC6}
	EndProjectSection
EndProject
Project("{2150E333-8FDC-42A3-9474-1A3956D46DE8}") = "tools", "tools", "{71F10718-C4A2-4247-AA28-BE8E0D597BA0}"
EndProject
Project("{8BC9CEB8-8B4A-11D0-8D11-00A0C91BC942}") = "test_MFC", "..\tests\test_MFC\test_MFC.vcproj", "{17932C15-15B0-42DF-BE6C-7B099B18CDBF}"
	ProjectSection(ProjectDependencies) = postProject
		{4B6FF094-9074-4BDF-BD0A-32D6AD5C0AC6} = {4B6FF094-9074-4BDF-BD0A-32D6AD5C0AC6}
		{E9FBD2F6-34AC-49F4-9486-F0AA6D24A27F} = {E9FBD2F6-34AC-49F4-9486-F0AA6D24A27F}
		{537FCF05-5BA7-43CB-9652-35FBF764B18E} = {537FCF05-5BA7-43CB-9652-35FBF764B18E}
	EndProjectSection
EndProject
Project("{2150E333-8FDC-42A3-9474-1A3956D46DE8}") = "library", "library", "{E229AA4E-6409-4BA1-AEE0-5384ED038349}"
EndProject
Project("{8BC9CEB8-8B4A-11D0-8D11-00A0C91BC942}") = "system", "system\system.vcproj", "{4B6FF094-9074-4BDF-BD0A-32D6AD5C0AC6}"
EndProject
Project("{8BC9CEB8-8B4A-11D0-8D11-00A0C91BC942}") = "display", "display\display.vcproj", "{E9FBD2F6-34AC-49F4-9486-F0AA6D24A27F}"
EndProject
Project("{8BC9CEB8-8B4A-11D0-8D11-00A0C91BC942}") = "flash", "flash\flash.vcproj", "{DF1BAF32-3923-4B03-AFDA-6B52D1DAF78C}"
EndProject
Global
	GlobalSection(SolutionConfigurationPlatforms) = preSolution
		Debug|Any CPU = Debug|Any CPU
		Debug|Mixed Platforms = Debug|Mixed Platforms
		Debug|Win32 = Debug|Win32
		Debug|Xbox 360 = Debug|Xbox 360
		DLL ASM Debug|Any CPU = DLL ASM Debug|Any CPU
		DLL ASM Debug|Mixed Platforms = DLL ASM Debug|Mixed Platforms
		DLL ASM Debug|Win32 = DLL ASM Debug|Win32
		DLL ASM Debug|Xbox 360 = DLL ASM Debug|Xbox 360
		DLL ASM Release|Any CPU = DLL ASM Release|Any CPU
		DLL ASM Release|Mixed Platforms = DLL ASM Release|Mixed Platforms
		DLL ASM Release|Win32 = DLL ASM Release|Win32
		DLL ASM Release|Xbox 360 = DLL ASM Release|Xbox 360
		DLL Debug|Any CPU = DLL Debug|Any CPU
		DLL Debug|Mixed Platforms = DLL Debug|Mixed Platforms
		DLL Debug|Win32 = DLL Debug|Win32
		DLL Debug|Xbox 360 = DLL Debug|Xbox 360
		DLL Release|Any CPU = DLL Release|Any CPU
		DLL Release|Mixed Platforms = DLL Release|Mixed Platforms
		DLL Release|Win32 = DLL Release|Win32
		DLL Release|Xbox 360 = DLL Release|Xbox 360
		DLL VB|Any CPU = DLL VB|Any CPU
		DLL VB|Mixed Platforms = DLL VB|Mixed Platforms
		DLL VB|Win32 = DLL VB|Win32
		DLL VB|Xbox 360 = DLL VB|Xbox 360
		LIB ASM Debug|Any CPU = LIB ASM Debug|Any CPU
		LIB ASM Debug|Mixed Platforms = LIB ASM Debug|Mixed Platforms
		LIB ASM Debug|Win32 = LIB ASM Debug|Win32
		LIB ASM Debug|Xbox 360 = LIB ASM Debug|Xbox 360
		LIB ASM Release|Any CPU = LIB ASM Release|Any CPU
		LIB ASM Release|Mixed Platforms = LIB ASM Release|Mixed Platforms
		LIB ASM Release|Win32 = LIB ASM Release|Win32
		LIB ASM Release|Xbox 360 = LIB ASM Release|Xbox 360
		LIB Debug|Any CPU = LIB Debug|Any CPU
		LIB Debug|Mixed Platforms = LIB Debug|Mixed Platforms
		LIB Debug|Win32 = LIB Debug|Win32
		LIB Debug|Xbox 360 = LIB Debug|Xbox 360
		LIB Release|Any CPU = LIB Release|Any CPU
		LIB Release|Mixed Platforms = LIB Release|Mixed Platforms
		LIB Release|Win32 = LIB Release|Win32
		LIB Release|Xbox 360 = LIB Release|Xbox 360
		Release|Any CPU = Release|Any CPU
		Release|Mixed Platforms = Release|Mixed Platforms
		Release|Win32 = Release|Win32
		Release|Xbox 360 = Release|Xbox 360
	EndGlobalSection
	GlobalSection(ProjectConfigurationPlatforms) = postSolution
		{537FCF05-5BA7-43CB-9652-35FBF764B18E}.Debug|Any CPU.ActiveCfg = Debug|Win32
		{537FCF05-5BA7-43CB-9652-35FBF764B18E}.Debug|Mixed Platforms.ActiveCfg = Debug|Win32
		{537FCF05-5BA7-43CB-9652-35FBF764B18E}.Debug|Mixed Platforms.Build.0 = Debug|Win32
		{537FCF05-5BA7-43CB-9652-35FBF764B18E}.Debug|Win32.ActiveCfg = Debug|Win32
		{537FCF05-5BA7-43CB-9652-35FBF764B18E}.Debug|Win32.Build.0 = Debug|Win32
		{537FCF05-5BA7-43CB-9652-35FBF764B18E}.Debug|Xbox 360.ActiveCfg = Debug|Xbox 360
		{537FCF05-5BA7-43CB-9652-35FBF764B18E}.Debug|Xbox 360.Build.0 = Debug|Xbox 360
		{537FCF05-5BA7-43CB-9652-35FBF764B18E}.DLL ASM Debug|Any CPU.ActiveCfg = Debug|Xbox 360
		{537FCF05-5BA7-43CB-9652-35FBF764B18E}.DLL ASM Debug|Mixed Platforms.ActiveCfg = Debug|Xbox 360
		{537FCF05-5BA7-43CB-9652-35FBF764B18E}.DLL ASM Debug|Mixed Platforms.Build.0 = Debug|Xbox 360
		{537FCF05-5BA7-43CB-9652-35FBF764B18E}.DLL ASM Debug|Win32.ActiveCfg = Debug|Win32
		{537FCF05-5BA7-43CB-9652-35FBF764B18E}.DLL ASM Debug|Win32.Build.0 = Debug|Win32
		{537FCF05-5BA7-43CB-9652-35FBF764B18E}.DLL ASM Debug|Xbox 360.ActiveCfg = Debug|Xbox 360
		{537FCF05-5BA7-43CB-9652-35FBF764B18E}.DLL ASM Debug|Xbox 360.Build.0 = Debug|Xbox 360
		{537FCF05-5BA7-43CB-9652-35FBF764B18E}.DLL ASM Release|Any CPU.ActiveCfg = Release|Xbox 360
		{537FCF05-5BA7-43CB-9652-35FBF764B18E}.DLL ASM Release|Mixed Platforms.ActiveCfg = Release|Xbox 360
		{537FCF05-5BA7-43CB-9652-35FBF764B18E}.DLL ASM Release|Mixed Platforms.Build.0 = Release|Xbox 360
		{537FCF05-5BA7-43CB-9652-35FBF764B18E}.DLL ASM Release|Win32.ActiveCfg = Release|Win32
		{537FCF05-5BA7-43CB-9652-35FBF764B18E}.DLL ASM Release|Win32.Build.0 = Release|Win32
		{537FCF05-5BA7-43CB-9652-35FBF764B18E}.DLL ASM Release|Xbox 360.ActiveCfg = Release|Xbox 360
		{537FCF05-5BA7-43CB-9652-35FBF764B18E}.DLL ASM Release|Xbox 360.Build.0 = Release|Xbox 360
		{537FCF05-5BA7-43CB-9652-35FBF764B18E}.DLL Debug|Any CPU.ActiveCfg = Debug|Xbox 360
		{537FCF05-5BA7-43CB-9652-35FBF764B18E}.DLL Debug|Mixed Platforms.ActiveCfg = Debug|Xbox 360
		{537FCF05-5BA7-43CB-9652-35FBF764B18E}.DLL Debug|Mixed Platforms.Build.0 = Debug|Xbox 360
		{537FCF05-5BA7-43CB-9652-35FBF764B18E}.DLL Debug|Win32.ActiveCfg = Debug|Win32
		{537FCF05-5BA7-43CB-9652-35FBF764B18E}.DLL Debug|Win32.Build.0 = Debug|Win32
		{537FCF05-5BA7-43CB-9652-35FBF764B18E}.DLL Debug|Xbox 360.ActiveCfg = Debug|Xbox 360
		{537FCF05-5BA7-43CB-9652-35FBF764B18E}.DLL Debug|Xbox 360.Build.0 = Debug|Xbox 360
		{537FCF05-5BA7-43CB-9652-35FBF764B18E}.DLL Release|Any CPU.ActiveCfg = Release|Xbox 360
		{537FCF05-5BA7-43CB-9652-35FBF764B18E}.DLL Release|Mixed Platforms.ActiveCfg = Release|Xbox 360
		{537FCF05-5BA7-43CB-9652-35FBF764B18E}.DLL Release|Mixed Platforms.Build.0 = Release|Xbox 360
		{537FCF05-5BA7-43CB-9652-35FBF764B18E}.DLL Release|Win32.ActiveCfg = Release|Win32
		{537FCF05-5BA7-43CB-9652-35FBF764B18E}.DLL Release|Win32.Build.0 = Release|Win32
		{537FCF05-5BA7-43CB-9652-35FBF764B18E}.DLL Release|Xbox 360.ActiveCfg = Release|Xbox 360
		{537FCF05-5BA7-43CB-9652-35FBF764B18E}.DLL Release|Xbox 360.Build.0 = Release|Xbox 360
		{537FCF05-5BA7-43CB-9652-35FBF764B18E}.DLL VB|Any CPU.ActiveCfg = Debug|Xbox 360
		{537FCF05-5BA7-43CB-9652-35FBF764B18E}.DLL VB|Mixed Platforms.ActiveCfg = Debug|Xbox 360
		{537FCF05-5BA7-43CB-9652-35FBF764B18E}.DLL VB|Mixed Platforms.Build.0 = Debug|Xbox 360
		{537FCF05-5BA7-43CB-9652-35FBF764B18E}.DLL VB|Win32.ActiveCfg = Debug|Xbox 360
		{537FCF05-5BA7-43CB-9652-35FBF764B18E}.DLL VB|Xbox 360.ActiveCfg = Debug|Xbox 360
		{537FCF05-5BA7-43CB-9652-35FBF764B18E}.DLL VB|Xbox 360.Build.0 = Debug|Xbox 360
		{537FCF05-5BA7-43CB-9652-35FBF764B18E}.LIB ASM Debug|Any CPU.ActiveCfg = Debug|Xbox 360
		{537FCF05-5BA7-43CB-9652-35FBF764B18E}.LIB ASM Debug|Mixed Platforms.ActiveCfg = Debug|Xbox 360
		{537FCF05-5BA7-43CB-9652-35FBF764B18E}.LIB ASM Debug|Mixed Platforms.Build.0 = Debug|Xbox 360
		{537FCF05-5BA7-43CB-9652-35FBF764B18E}.LIB ASM Debug|Win32.ActiveCfg = Debug|Win32
		{537FCF05-5BA7-43CB-9652-35FBF764B18E}.LIB ASM Debug|Win32.Build.0 = Debug|Win32
		{537FCF05-5BA7-43CB-9652-35FBF764B18E}.LIB ASM Debug|Xbox 360.ActiveCfg = Debug|Xbox 360
		{537FCF05-5BA7-43CB-9652-35FBF764B18E}.LIB ASM Debug|Xbox 360.Build.0 = Debug|Xbox 360
		{537FCF05-5BA7-43CB-9652-35FBF764B18E}.LIB ASM Release|Any CPU.ActiveCfg = Release|Xbox 360
		{537FCF05-5BA7-43CB-9652-35FBF764B18E}.LIB ASM Release|Mixed Platforms.ActiveCfg = Release|Xbox 360
		{537FCF05-5BA7-43CB-9652-35FBF764B18E}.LIB ASM Release|Mixed Platforms.Build.0 = Release|Xbox 360
		{537FCF05-5BA7-43CB-9652-35FBF764B18E}.LIB ASM Release|Win32.ActiveCfg = Release|Win32
		{537FCF05-5BA7-43CB-9652-35FBF764B18E}.LIB ASM Release|Win32.Build.0 = Release|Win32
		{537FCF05-5BA7-43CB-9652-35FBF764B18E}.LIB ASM Release|Xbox 360.ActiveCfg = Release|Xbox 360
		{537FCF05-5BA7-43CB-9652-35FBF764B18E}.LIB ASM Release|Xbox 360.Build.0 = Release|Xbox 360
		{537FCF05-5BA7-43CB-9652-35FBF764B18E}.LIB Debug|Any CPU.ActiveCfg = Debug|Xbox 360
		{537FCF05-5BA7-43CB-9652-35FBF764B18E}.LIB Debug|Mixed Platforms.ActiveCfg = Debug|Xbox 360
		{537FCF05-5BA7-43CB-9652-35FBF764B18E}.LIB Debug|Mixed Platforms.Build.0 = Debug|Xbox 360
		{537FCF05-5BA7-43CB-9652-35FBF764B18E}.LIB Debug|Win32.ActiveCfg = Debug|Win32
		{537FCF05-5BA7-43CB-9652-35FBF764B18E}.LIB Debug|Win32.Build.0 = Debug|Win32
		{537FCF05-5BA7-43CB-9652-35FBF764B18E}.LIB Debug|Xbox 360.ActiveCfg = Debug|Xbox 360
		{537FCF05-5BA7-43CB-9652-35FBF764B18E}.LIB Debug|Xbox 360.Build.0 = Debug|Xbox 360
		{537FCF05-5BA7-43CB-9652-35FBF764B18E}.LIB Release|Any CPU.ActiveCfg = Release|Xbox 360
		{537FCF05-5BA7-43CB-9652-35FBF764B18E}.LIB Release|Mixed Platforms.ActiveCfg = Release|Xbox 360
		{537FCF05-5BA7-43CB-9652-35FBF764B18E}.LIB Release|Mixed Platforms.Build.0 = Release|Xbox 360
		{537FCF05-5BA7-43CB-9652-35FBF764B18E}.LIB Release|Win32.ActiveCfg = Release|Win32
		{537FCF05-5BA7-43CB-9652-35FBF764B18E}.LIB Release|Win32.Build.0 = Release|Win32
		{537FCF05-5BA7-43CB-9652-35FBF764B18E}.LIB Release|Xbox 360.ActiveCfg = Release|Xbox 360
		{537FCF05-5BA7-43CB-9652-35FBF764B18E}.LIB Release|Xbox 360.Build.0 = Release|Xbox 360
		{537FCF05-5BA7-43CB-9652-35FBF764B18E}.Release|Any CPU.ActiveCfg = Release|Win32
		{537FCF05-5BA7-43CB-9652-35FBF764B18E}.Release|Mixed Platforms.ActiveCfg = Release|Win32
		{537FCF05-5BA7-43CB-9652-35FBF764B18E}.Release|Mixed Platforms.Build.0 = Release|Win32
		{537FCF05-5BA7-43CB-9652-35FBF764B18E}.Release|Win32.ActiveCfg = Release|Win32
		{537FCF05-5BA7-43CB-9652-35FBF764B18E}.Release|Win32.Build.0 = Release|Win32
		{537FCF05-5BA7-43CB-9652-35FBF764B18E}.Release|Xbox 360.ActiveCfg = Release|Xbox 360
		{537FCF05-5BA7-43CB-9652-35FBF764B18E}.Release|Xbox 360.Build.0 = Release|Xbox 360
		{97AE86F4-3052-4F52-9943-ABACB217D983}.Debug|Any CPU.ActiveCfg = Debug|Win32
		{97AE86F4-3052-4F52-9943-ABACB217D983}.Debug|Mixed Platforms.ActiveCfg = Debug|Win32
		{97AE86F4-3052-4F52-9943-ABACB217D983}.Debug|Mixed Platforms.Build.0 = Debug|Win32
		{97AE86F4-3052-4F52-9943-ABACB217D983}.Debug|Win32.ActiveCfg = Debug|Win32
		{97AE86F4-3052-4F52-9943-ABACB217D983}.Debug|Win32.Build.0 = Debug|Win32
		{97AE86F4-3052-4F52-9943-ABACB217D983}.Debug|Xbox 360.ActiveCfg = Debug|Win32
		{97AE86F4-3052-4F52-9943-ABACB217D983}.DLL ASM Debug|Any CPU.ActiveCfg = Debug|Win32
		{97AE86F4-3052-4F52-9943-ABACB217D983}.DLL ASM Debug|Mixed Platforms.ActiveCfg = Debug|Win32
		{97AE86F4-3052-4F52-9943-ABACB217D983}.DLL ASM Debug|Mixed Platforms.Build.0 = Debug|Win32
		{97AE86F4-3052-4F52-9943-ABACB217D983}.DLL ASM Debug|Win32.ActiveCfg = Debug|Win32
		{97AE86F4-3052-4F52-9943-ABACB217D983}.DLL ASM Debug|Win32.Build.0 = Debug|Win32
		{97AE86F4-3052-4F52-9943-ABACB217D983}.DLL ASM Debug|Xbox 360.ActiveCfg = Debug|Win32
		{97AE86F4-3052-4F52-9943-ABACB217D983}.DLL ASM Release|Any CPU.ActiveCfg = Release|Win32
		{97AE86F4-3052-4F52-9943-ABACB217D983}.DLL ASM Release|Mixed Platforms.ActiveCfg = Release|Win32
		{97AE86F4-3052-4F52-9943-ABACB217D983}.DLL ASM Release|Mixed Platforms.Build.0 = Release|Win32
		{97AE86F4-3052-4F52-9943-ABACB217D983}.DLL ASM Release|Win32.ActiveCfg = Release|Win32
		{97AE86F4-3052-4F52-9943-ABACB217D983}.DLL ASM Release|Win32.Build.0 = Release|Win32
		{97AE86F4-3052-4F52-9943-ABACB217D983}.DLL ASM Release|Xbox 360.ActiveCfg = Release|Win32
		{97AE86F4-3052-4F52-9943-ABACB217D983}.DLL Debug|Any CPU.ActiveCfg = Debug|Win32
		{97AE86F4-3052-4F52-9943-ABACB217D983}.DLL Debug|Mixed Platforms.ActiveCfg = Debug|Win32
		{97AE86F4-3052-4F52-9943-ABACB217D983}.DLL Debug|Mixed Platforms.Build.0 = Debug|Win32
		{97AE86F4-3052-4F52-9943-ABACB217D983}.DLL Debug|Win32.ActiveCfg = Debug|Win32
		{97AE86F4-3052-4F52-9943-ABACB217D983}.DLL Debug|Win32.Build.0 = Debug|Win32
		{97AE86F4-3052-4F52-9943-ABACB217D983}.DLL Debug|Xbox 360.ActiveCfg = Debug|Win32
		{97AE86F4-3052-4F52-9943-ABACB217D983}.DLL Release|Any CPU.ActiveCfg = Release|Win32
		{97AE86F4-3052-4F52-9943-ABACB217D983}.DLL Release|Mixed Platforms.ActiveCfg = Release|Win32
		{97AE86F4-3052-4F52-9943-ABACB217D983}.DLL Release|Mixed Platforms.Build.0 = Release|Win32
		{97AE86F4-3052-4F52-9943-ABACB217D983}.DLL Release|Win32.ActiveCfg = Release|Win32
		{97AE86F4-3052-4F52-9943-ABACB217D983}.DLL Release|Win32.Build.0 = Release|Win32
		{97AE86F4-3052-4F52-9943-ABACB217D983}.DLL Release|Xbox 360.ActiveCfg = Release|Win32
		{97AE86F4-3052-4F52-9943-ABACB217D983}.DLL VB|Any CPU.ActiveCfg = Debug|Win32
		{97AE86F4-3052-4F52-9943-ABACB217D983}.DLL VB|Mixed Platforms.ActiveCfg = Debug|Win32
		{97AE86F4-3052-4F52-9943-ABACB217D983}.DLL VB|Mixed Platforms.Build.0 = Debug|Win32
		{97AE86F4-3052-4F52-9943-ABACB217D983}.DLL VB|Win32.ActiveCfg = Debug|Win32
		{97AE86F4-3052-4F52-9943-ABACB217D983}.DLL VB|Win32.Build.0 = Debug|Win32
		{97AE86F4-3052-4F52-9943-ABACB217D983}.DLL VB|Xbox 360.ActiveCfg = Debug|Win32
		{97AE86F4-3052-4F52-9943-ABACB217D983}.LIB ASM Debug|Any CPU.ActiveCfg = Debug|Win32
		{97AE86F4-3052-4F52-9943-ABACB217D983}.LIB ASM Debug|Mixed Platforms.ActiveCfg = Debug|Win32
		{97AE86F4-3052-4F52-9943-ABACB217D983}.LIB ASM Debug|Mixed Platforms.Build.0 = Debug|Win32
		{97AE86F4-3052-4F52-9943-ABACB217D983}.LIB ASM Debug|Win32.ActiveCfg = Debug|Win32
		{97AE86F4-3052-4F52-9943-ABACB217D983}.LIB ASM Debug|Win32.Build.0 = Debug|Win32
		{97AE86F4-3052-4F52-9943-ABACB217D983}.LIB ASM Debug|Xbox 360.ActiveCfg = Debug|Win32
		{97AE86F4-3052-4F52-9943-ABACB217D983}.LIB ASM Release|Any CPU.ActiveCfg = Release|Win32
		{97AE86F4-3052-4F52-9943-ABACB217D983}.LIB ASM Release|Mixed Platforms.ActiveCfg = Release|Win32
		{97AE86F4-3052-4F52-9943-ABACB217D983}.LIB ASM Release|Mixed Platforms.Build.0 = Release|Win32
		{97AE86F4-3052-4F52-9943-ABACB217D983}.LIB ASM Release|Win32.ActiveCfg = Release|Win32
		{97AE86F4-3052-4F52-9943-ABACB217D983}.LIB ASM Release|Win32.Build.0 = Release|Win32
		{97AE86F4-3052-4F52-9943-ABACB217D983}.LIB ASM Release|Xbox 360.ActiveCfg = Release|Win32
		{97AE86F4-3052-4F52-9943-ABACB217D983}.LIB Debug|Any CPU.ActiveCfg = Debug|Win32
		{97AE86F4-3052-4F52-9943-ABACB217D983}.LIB Debug|Mixed Platforms.ActiveCfg = Debug|Win32
		{97AE86F4-3052-4F52-9943-ABACB217D983}.LIB Debug|Mixed Platforms.Build.0 = Debug|Win32
		{97AE86F4-3052-4F52-9943-ABACB217D983}.LIB Debug|Win32.ActiveCfg = Debug|Win32
		{97AE86F4-3052-4F52-9943-ABACB217D983}.LIB Debug|Win32.Build.0 = Debug|Win32
		{97AE86F4-3052-4F52-9943-ABACB217D983}.LIB Debug|Xbox 360.ActiveCfg = Debug|Win32
		{97AE86F4-3052-4F52-9943-ABACB217D983}.LIB Release|Any CPU.ActiveCfg = Release|Win32
		{97AE86F4-3052-4F52-9943-ABACB217D983}.LIB Release|Mixed Platforms.ActiveCfg = Release|Win32
		{97AE86F4-3052-4F52-9943-ABACB217D983}.LIB Release|Mixed Platforms.Build.0 = Release|Win32
		{97AE86F4-3052-4F52-9943-ABACB217D983}.LIB Release|Win32.ActiveCfg = Release|Win32
		{97AE86F4-3052-4F52-9943-ABACB217D983}.LIB Release|Win32.Build.0 = Release|Win32
		{97AE86F4-3052-4F52-9943-ABACB217D983}.LIB Release|Xbox 360.ActiveCfg = Release|Win32
		{97AE86F4-3052-4F52-9943-ABACB217D983}.Release|Any CPU.ActiveCfg = Release|Win32
		{97AE86F4-3052-4F52-9943-ABACB217D983}.Release|Mixed Platforms.ActiveCfg = Release|Win32
		{97AE86F4-3052-4F52-9943-ABACB217D983}.Release|Mixed Platforms.Build.0 = Release|Win32
		{97AE86F4-3052-4F52-9943-ABACB217D983}.Release|Win32.ActiveCfg = Release|Win32
		{97AE86F4-3052-4F52-9943-ABACB217D983}.Release|Win32.Build.0 = Release|Win32
		{97AE86F4-3052-4F52-9943-ABACB217D983}.Release|Xbox 360.ActiveCfg = Release|Win32
		{11828C6D-3E62-45F8-9268-93EB0DD141E9}.Debug|Any CPU.ActiveCfg = Debug|Win32
		{11828C6D-3E62-45F8-9268-93EB0DD141E9}.Debug|Mixed Platforms.ActiveCfg = Debug|Win32
		{11828C6D-3E62-45F8-9268-93EB0DD141E9}.Debug|Mixed Platforms.Build.0 = Debug|Win32
		{11828C6D-3E62-45F8-9268-93EB0DD141E9}.Debug|Win32.ActiveCfg = Debug|Win32
		{11828C6D-3E62-45F8-9268-93EB0DD141E9}.Debug|Win32.Build.0 = Debug|Win32
		{11828C6D-3E62-45F8-9268-93EB0DD141E9}.Debug|Xbox 360.ActiveCfg = Debug|Xbox 360
		{11828C6D-3E62-45F8-9268-93EB0DD141E9}.Debug|Xbox 360.Build.0 = Debug|Xbox 360
		{11828C6D-3E62-45F8-9268-93EB0DD141E9}.DLL ASM Debug|Any CPU.ActiveCfg = Debug|Xbox 360
		{11828C6D-3E62-45F8-9268-93EB0DD141E9}.DLL ASM Debug|Mixed Platforms.ActiveCfg = Debug|Xbox 360
		{11828C6D-3E62-45F8-9268-93EB0DD141E9}.DLL ASM Debug|Mixed Platforms.Build.0 = Debug|Xbox 360
		{11828C6D-3E62-45F8-9268-93EB0DD141E9}.DLL ASM Debug|Win32.ActiveCfg = Debug|Win32
		{11828C6D-3E62-45F8-9268-93EB0DD141E9}.DLL ASM Debug|Win32.Build.0 = Debug|Win32
		{11828C6D-3E62-45F8-9268-93EB0DD141E9}.DLL ASM Debug|Xbox 360.ActiveCfg = Debug|Xbox 360
		{11828C6D-3E62-45F8-9268-93EB0DD141E9}.DLL ASM Debug|Xbox 360.Build.0 = Debug|Xbox 360
		{11828C6D-3E62-45F8-9268-93EB0DD141E9}.DLL ASM Release|Any CPU.ActiveCfg = Release|Xbox 360
		{11828C6D-3E62-45F8-9268-93EB0DD141E9}.DLL ASM Release|Mixed Platforms.ActiveCfg = Release|Xbox 360
		{11828C6D-3E62-45F8-9268-93EB0DD141E9}.DLL ASM Release|Mixed Platforms.Build.0 = Release|Xbox 360
		{11828C6D-3E62-45F8-9268-93EB0DD141E9}.DLL ASM Release|Win32.ActiveCfg = Release|Win32
		{11828C6D-3E62-45F8-9268-93EB0DD141E9}.DLL ASM Release|Win32.Build.0 = Release|Win32
		{11828C6D-3E62-45F8-9268-93EB0DD141E9}.DLL ASM Release|Xbox 360.ActiveCfg = Release|Xbox 360
		{11828C6D-3E62-45F8-9268-93EB0DD141E9}.DLL ASM Release|Xbox 360.Build.0 = Release|Xbox 360
		{11828C6D-3E62-45F8-9268-93EB0DD141E9}.DLL Debug|Any CPU.ActiveCfg = Debug|Xbox 360
		{11828C6D-3E62-45F8-9268-93EB0DD141E9}.DLL Debug|Mixed Platforms.ActiveCfg = Debug|Xbox 360
		{11828C6D-3E62-45F8-9268-93EB0DD141E9}.DLL Debug|Mixed Platforms.Build.0 = Debug|Xbox 360
		{11828C6D-3E62-45F8-9268-93EB0DD141E9}.DLL Debug|Win32.ActiveCfg = Debug|Win32
		{11828C6D-3E62-45F8-9268-93EB0DD141E9}.DLL Debug|Win32.Build.0 = Debug|Win32
		{11828C6D-3E62-45F8-9268-93EB0DD141E9}.DLL Debug|Xbox 360.ActiveCfg = Debug|Xbox 360
		{11828C6D-3E62-45F8-9268-93EB0DD141E9}.DLL Debug|Xbox 360.Build.0 = Debug|Xbox 360
		{11828C6D-3E62-45F8-9268-93EB0DD141E9}.DLL Release|Any CPU.ActiveCfg = Release|Xbox 360
		{11828C6D-3E62-45F8-9268-93EB0DD141E9}.DLL Release|Mixed Platforms.ActiveCfg = Release|Xbox 360
		{11828C6D-3E62-45F8-9268-93EB0DD141E9}.DLL Release|Mixed Platforms.Build.0 = Release|Xbox 360
		{11828C6D-3E62-45F8-9268-93EB0DD141E9}.DLL Release|Win32.ActiveCfg = Release|Win32
		{11828C6D-3E62-45F8-9268-93EB0DD141E9}.DLL Release|Win32.Build.0 = Release|Win32
		{11828C6D-3E62-45F8-9268-93EB0DD141E9}.DLL Release|Xbox 360.ActiveCfg = Release|Xbox 360
		{11828C6D-3E62-45F8-9268-93EB0DD141E9}.DLL Release|Xbox 360.Build.0 = Release|Xbox 360
		{11828C6D-3E62-45F8-9268-93EB0DD141E9}.DLL VB|Any CPU.ActiveCfg = Debug|Xbox 360
		{11828C6D-3E62-45F8-9268-93EB0DD141E9}.DLL VB|Mixed Platforms.ActiveCfg = Debug|Xbox 360
		{11828C6D-3E62-45F8-9268-93EB0DD141E9}.DLL VB|Mixed Platforms.Build.0 = Debug|Xbox 360
		{11828C6D-3E62-45F8-9268-93EB0DD141E9}.DLL VB|Win32.ActiveCfg = Debug|Xbox 360
		{11828C6D-3E62-45F8-9268-93EB0DD141E9}.DLL VB|Xbox 360.ActiveCfg = Debug|Xbox 360
		{11828C6D-3E62-45F8-9268-93EB0DD141E9}.DLL VB|Xbox 360.Build.0 = Debug|Xbox 360
		{11828C6D-3E62-45F8-9268-93EB0DD141E9}.LIB ASM Debug|Any CPU.ActiveCfg = Debug|Xbox 360
		{11828C6D-3E62-45F8-9268-93EB0DD141E9}.LIB ASM Debug|Mixed Platforms.ActiveCfg = Debug|Xbox 360
		{11828C6D-3E62-45F8-9268-93EB0DD141E9}.LIB ASM Debug|Mixed Platforms.Build.0 = Debug|Xbox 360
		{11828C6D-3E62-45F8-9268-93EB0DD141E9}.LIB ASM Debug|Win32.ActiveCfg = Debug|Win32
		{11828C6D-3E62-45F8-9268-93EB0DD141E9}.LIB ASM Debug|Win32.Build.0 = Debug|Win32
		{11828C6D-3E62-45F8-9268-93EB0DD141E9}.LIB ASM Debug|Xbox 360.ActiveCfg = Debug|Xbox 360
		{11828C6D-3E62-45F8-9268-93EB0DD141E9}.LIB ASM Debug|Xbox 360.Build.0 = Debug|Xbox 360
		{11828C6D-3E62-45F8-9268-93EB0DD141E9}.LIB ASM Release|Any CPU.ActiveCfg = Release|Xbox 360
		{11828C6D-3E62-45F8-9268-93EB0DD141E9}.LIB ASM Release|Mixed Platforms.ActiveCfg = Release|Xbox 360
		{11828C6D-3E62-45F8-9268-93EB0DD141E9}.LIB ASM Release|Mixed Platforms.Build.0 = Release|Xbox 360
		{11828C6D-3E62-45F8-9268-93EB0DD141E9}.LIB ASM Release|Win32.ActiveCfg = Release|Win32
		{11828C6D-3E62-45F8-9268-93EB0DD141E9}.LIB ASM Release|Win32.Build.0 = Release|Win32
		{11828C6D-3E62-45F8-9268-93EB0DD141E9}.LIB ASM Release|Xbox 360.ActiveCfg = Release|Xbox 360
		{11828C6D-3E62-45F8-9268-93EB0DD141E9}.LIB ASM Release|Xbox 360.Build.0 = Release|Xbox 360
		{11828C6D-3E62-45F8-9268-93EB0DD141E9}.LIB Debug|Any CPU.ActiveCfg = Debug|Xbox 360
		{11828C6D-3E62-45F8-9268-93EB0DD141E9}.LIB Debug|Mixed Platforms.ActiveCfg = Debug|Xbox 360
		{11828C6D-3E62-45F8-9268-93EB0DD141E9}.LIB Debug|Mixed Platforms.Build.0 = Debug|Xbox 360
		{11828C6D-3E62-45F8-9268-93EB0DD141E9}.LIB Debug|Win32.ActiveCfg = Debug|Win32
		{11828C6D-3E62-45F8-9268-93EB0DD141E9}.LIB Debug|Win32.Build.0 = Debug|Win32
		{11828C6D-3E62-45F8-9268-93EB0DD141E9}.LIB Debug|Xbox 360.ActiveCfg = Debug|Xbox 360
		{11828C6D-3E62-45F8-9268-93EB0DD141E9}.LIB Debug|Xbox 360.Build.0 = Debug|Xbox 360
		{11828C6D-3E62-45F8-9268-93EB0DD141E9}.LIB Release|Any CPU.ActiveCfg = Release|Xbox 360
		{11828C6D-3E62-45F8-9268-93EB0DD141E9}.LIB Release|Mixed Platforms.ActiveCfg = Release|Xbox 360
		{11828C6D-3E62-45F8-9268-93EB0DD141E9}.LIB Release|Mixed Platforms.Build.0 = Release|Xbox 360
		{11828C6D-3E62-45F8-9268-93EB0DD141E9}.LIB Release|Win32.ActiveCfg = Release|Win32
		{11828C6D-3E62-45F8-9268-93EB0DD141E9}.LIB Release|Win32.Build.0 = Release|Win32
		{11828C6D-3E62-45F8-9268-93EB0DD141E9}.LIB Release|Xbox 360.ActiveCfg = Release|Xbox 360
		{11828C6D-3E62-45F8-9268-93EB0DD141E9}.LIB Release|Xbox 360.Build.0 = Release|Xbox 360
		{11828C6D-3E62-45F8-9268-93EB0DD141E9}.Release|Any CPU.ActiveCfg = Release|Win32
		{11828C6D-3E62-45F8-9268-93EB0DD141E9}.Release|Mixed Platforms.ActiveCfg = Release|Win32
		{11828C6D-3E62-45F8-9268-93EB0DD141E9}.Release|Mixed Platforms.Build.0 = Release|Win32
		{11828C6D-3E62-45F8-9268-93EB0DD141E9}.Release|Win32.ActiveCfg = Release|Win32
		{11828C6D-3E62-45F8-9268-93EB0DD141E9}.Release|Win32.Build.0 = Release|Win32
		{11828C6D-3E62-45F8-9268-93EB0DD141E9}.Release|Xbox 360.ActiveCfg = Release|Xbox 360
		{11828C6D-3E62-45F8-9268-93EB0DD141E9}.Release|Xbox 360.Build.0 = Release|Xbox 360
		{17932C15-15B0-42DF-BE6C-7B099B18CDBF}.Debug|Any CPU.ActiveCfg = Debug|Win32
		{17932C15-15B0-42DF-BE6C-7B099B18CDBF}.Debug|Mixed Platforms.ActiveCfg = Debug|Win32
		{17932C15-15B0-42DF-BE6C-7B099B18CDBF}.Debug|Mixed Platforms.Build.0 = Debug|Win32
		{17932C15-15B0-42DF-BE6C-7B099B18CDBF}.Debug|Win32.ActiveCfg = Debug|Win32
		{17932C15-15B0-42DF-BE6C-7B099B18CDBF}.Debug|Win32.Build.0 = Debug|Win32
		{17932C15-15B0-42DF-BE6C-7B099B18CDBF}.Debug|Xbox 360.ActiveCfg = Debug|Win32
		{17932C15-15B0-42DF-BE6C-7B099B18CDBF}.DLL ASM Debug|Any CPU.ActiveCfg = Debug|Win32
		{17932C15-15B0-42DF-BE6C-7B099B18CDBF}.DLL ASM Debug|Mixed Platforms.ActiveCfg = Debug|Win32
		{17932C15-15B0-42DF-BE6C-7B099B18CDBF}.DLL ASM Debug|Mixed Platforms.Build.0 = Debug|Win32
		{17932C15-15B0-42DF-BE6C-7B099B18CDBF}.DLL ASM Debug|Win32.ActiveCfg = Debug|Win32
		{17932C15-15B0-42DF-BE6C-7B099B18CDBF}.DLL ASM Debug|Win32.Build.0 = Debug|Win32
		{17932C15-15B0-42DF-BE6C-7B099B18CDBF}.DLL ASM Debug|Xbox 360.ActiveCfg = Debug|Win32
		{17932C15-15B0-42DF-BE6C-7B099B18CDBF}.DLL ASM Release|Any CPU.ActiveCfg = Release|Win32
		{17932C15-15B0-42DF-BE6C-7B099B18CDBF}.DLL ASM Release|Mixed Platforms.ActiveCfg = Release|Win32
		{17932C15-15B0-42DF-BE6C-7B099B18CDBF}.DLL ASM Release|Mixed Platforms.Build.0 = Release|Win32
		{17932C15-15B0-42DF-BE6C-7B099B18CDBF}.DLL ASM Release|Win32.ActiveCfg = Release|Win32
		{17932C15-15B0-42DF-BE6C-7B099B18CDBF}.DLL ASM Release|Win32.Build.0 = Release|Win32
		{17932C15-15B0-42DF-BE6C-7B099B18CDBF}.DLL ASM Release|Xbox 360.ActiveCfg = Release|Win32
		{17932C15-15B0-42DF-BE6C-7B099B18CDBF}.DLL Debug|Any CPU.ActiveCfg = Debug|Win32
		{17932C15-15B0-42DF-BE6C-7B099B18CDBF}.DLL Debug|Mixed Platforms.ActiveCfg = Debug|Win32
		{17932C15-15B0-42DF-BE6C-7B099B18CDBF}.DLL Debug|Mixed Platforms.Build.0 = Debug|Win32
		{17932C15-15B0-42DF-BE6C-7B099B18CDBF}.DLL Debug|Win32.ActiveCfg = Debug|Win32
		{17932C15-15B0-42DF-BE6C-7B099B18CDBF}.DLL Debug|Win32.Build.0 = Debug|Win32
		{17932C15-15B0-42DF-BE6C-7B099B18CDBF}.DLL Debug|Xbox 360.ActiveCfg = Debug|Win32
		{17932C15-15B0-42DF-BE6C-7B099B18CDBF}.DLL Release|Any CPU.ActiveCfg = Release|Win32
		{17932C15-15B0-42DF-BE6C-7B099B18CDBF}.DLL Release|Mixed Platforms.ActiveCfg = Release|Win32
		{17932C15-15B0-42DF-BE6C-7B099B18CDBF}.DLL Release|Mixed Platforms.Build.0 = Release|Win32
		{17932C15-15B0-42DF-BE6C-7B099B18CDBF}.DLL Release|Win32.ActiveCfg = Release|Win32
		{17932C15-15B0-42DF-BE6C-7B099B18CDBF}.DLL Release|Win32.Build.0 = Release|Win32
		{17932C15-15B0-42DF-BE6C-7B099B18CDBF}.DLL Release|Xbox 360.ActiveCfg = Release|Win32
		{17932C15-15B0-42DF-BE6C-7B099B18CDBF}.DLL VB|Any CPU.ActiveCfg = Debug|Win32
		{17932C15-15B0-42DF-BE6C-7B099B18CDBF}.DLL VB|Mixed Platforms.ActiveCfg = Debug|Win32
		{17932C15-15B0-42DF-BE6C-7B099B18CDBF}.DLL VB|Mixed Platforms.Build.0 = Debug|Win32
		{17932C15-15B0-42DF-BE6C-7B099B18CDBF}.DLL VB|Win32.ActiveCfg = Debug|Win32
		{17932C15-15B0-42DF-BE6C-7B099B18CDBF}.DLL VB|Win32.Build.0 = Debug|Win32
		{17932C15-15B0-42DF-BE6C-7B099B18CDBF}.DLL VB|Xbox 360.ActiveCfg = Debug|Win32
		{17932C15-15B0-42DF-BE6C-7B099B18CDBF}.LIB ASM Debug|Any CPU.ActiveCfg = Debug|Win32
		{17932C15-15B0-42DF-BE6C-7B099B18CDBF}.LIB ASM Debug|Mixed Platforms.ActiveCfg = Debug|Win32
		{17932C15-15B0-42DF-BE6C-7B099B18CDBF}.LIB ASM Debug|Mixed Platforms.Build.0 = Debug|Win32
		{17932C15-15B0-42DF-BE6C-7B099B18CDBF}.LIB ASM Debug|Win32.ActiveCfg = Debug|Win32
		{17932C15-15B0-42DF-BE6C-7B099B18CDBF}.LIB ASM Debug|Win32.Build.0 = Debug|Win32
		{17932C15-15B0-42DF-BE6C-7B099B18CDBF}.LIB ASM Debug|Xbox 360.ActiveCfg = Debug|Win32
		{17932C15-15B0-42DF-BE6C-7B099B18CDBF}.LIB ASM Release|Any CPU.ActiveCfg = Release|Win32
		{17932C15-15B0-42DF-BE6C-7B099B18CDBF}.LIB ASM Release|Mixed Platforms.ActiveCfg = Release|Win32
		{17932C15-15B0-42DF-BE6C-7B099B18CDBF}.LIB ASM Release|Mixed Platforms.Build.0 = Release|Win32
		{17932C15-15B0-42DF-BE6C-7B099B18CDBF}.LIB ASM Release|Win32.ActiveCfg = Release|Win32
		{17932C15-15B0-42DF-BE6C-7B099B18CDBF}.LIB ASM Release|Win32.Build.0 = Release|Win32
		{17932C15-15B0-42DF-BE6C-7B099B18CDBF}.LIB ASM Release|Xbox 360.ActiveCfg = Release|Win32
		{17932C15-15B0-42DF-BE6C-7B099B18CDBF}.LIB Debug|Any CPU.ActiveCfg = Debug|Win32
		{17932C15-15B0-42DF-BE6C-7B099B18CDBF}.LIB Debug|Mixed Platforms.ActiveCfg = Debug|Win32
		{17932C15-15B0-42DF-BE6C-7B099B18CDBF}.LIB Debug|Mixed Platforms.Build.0 = Debug|Win32
		{17932C15-15B0-42DF-BE6C-7B099B18CDBF}.LIB Debug|Win32.ActiveCfg = Debug|Win32
		{17932C15-15B0-42DF-BE6C-7B099B18CDBF}.LIB Debug|Win32.Build.0 = Debug|Win32
		{17932C15-15B0-42DF-BE6C-7B099B18CDBF}.LIB Debug|Xbox 360.ActiveCfg = Debug|Win32
		{17932C15-15B0-42DF-BE6C-7B099B18CDBF}.LIB Release|Any CPU.ActiveCfg = Release|Win32
		{17932C15-15B0-42DF-BE6C-7B099B18CDBF}.LIB Release|Mixed Platforms.ActiveCfg = Release|Win32
		{17932C15-15B0-42DF-BE6C-7B099B18CDBF}.LIB Release|Mixed Platforms.Build.0 = Release|Win32
		{17932C15-15B0-42DF-BE6C-7B099B18CDBF}.LIB Release|Win32.ActiveCfg = Release|Win32
		{17932C15-15B0-42DF-BE6C-7B099B18CDBF}.LIB Release|Win32.Build.0 = Release|Win32
		{17932C15-15B0-42DF-BE6C-7B099B18CDBF}.LIB Release|Xbox 360.ActiveCfg = Release|Win32
		{17932C15-15B0-42DF-BE6C-7B099B18CDBF}.Release|Any CPU.ActiveCfg = Release|Win32
		{17932C15-15B0-42DF-BE6C-7B099B18CDBF}.Release|Mixed Platforms.ActiveCfg = Release|Win32
		{17932C15-15B0-42DF-BE6C-7B099B18CDBF}.Release|Mixed Platforms.Build.0 = Release|Win32
		{17932C15-15B0-42DF-BE6C-7B099B18CDBF}.Release|Win32.ActiveCfg = Release|Win32
		{17932C15-15B0-42DF-BE6C-7B099B18CDBF}.Release|Win32.Build.0 = Release|Win32
		{17932C15-15B0-42DF-BE6C-7B099B18CDBF}.Release|Xbox 360.ActiveCfg = Release|Win32
		{4B6FF094-9074-4BDF-BD0A-32D6AD5C0AC6}.Debug|Any CPU.ActiveCfg = Debug|Win32
		{4B6FF094-9074-4BDF-BD0A-32D6AD5C0AC6}.Debug|Mixed Platforms.ActiveCfg = Debug|Win32
		{4B6FF094-9074-4BDF-BD0A-32D6AD5C0AC6}.Debug|Mixed Platforms.Build.0 = Debug|Win32
		{4B6FF094-9074-4BDF-BD0A-32D6AD5C0AC6}.Debug|Win32.ActiveCfg = Debug|Win32
		{4B6FF094-9074-4BDF-BD0A-32D6AD5C0AC6}.Debug|Win32.Build.0 = Debug|Win32
		{4B6FF094-9074-4BDF-BD0A-32D6AD5C0AC6}.Debug|Xbox 360.ActiveCfg = Debug|Xbox 360
		{4B6FF094-9074-4BDF-BD0A-32D6AD5C0AC6}.Debug|Xbox 360.Build.0 = Debug|Xbox 360
		{4B6FF094-9074-4BDF-BD0A-32D6AD5C0AC6}.DLL ASM Debug|Any CPU.ActiveCfg = Debug|Xbox 360
		{4B6FF094-9074-4BDF-BD0A-32D6AD5C0AC6}.DLL ASM Debug|Mixed Platforms.ActiveCfg = Debug|Xbox 360
		{4B6FF094-9074-4BDF-BD0A-32D6AD5C0AC6}.DLL ASM Debug|Mixed Platforms.Build.0 = Debug|Xbox 360
		{4B6FF094-9074-4BDF-BD0A-32D6AD5C0AC6}.DLL ASM Debug|Win32.ActiveCfg = Debug|Win32
		{4B6FF094-9074-4BDF-BD0A-32D6AD5C0AC6}.DLL ASM Debug|Win32.Build.0 = Debug|Win32
		{4B6FF094-9074-4BDF-BD0A-32D6AD5C0AC6}.DLL ASM Debug|Xbox 360.ActiveCfg = Debug|Xbox 360
		{4B6FF094-9074-4BDF-BD0A-32D6AD5C0AC6}.DLL ASM Debug|Xbox 360.Build.0 = Debug|Xbox 360
		{4B6FF094-9074-4BDF-BD0A-32D6AD5C0AC6}.DLL ASM Release|Any CPU.ActiveCfg = Release|Xbox 360
		{4B6FF094-9074-4BDF-BD0A-32D6AD5C0AC6}.DLL ASM Release|Mixed Platforms.ActiveCfg = Release|Xbox 360
		{4B6FF094-9074-4BDF-BD0A-32D6AD5C0AC6}.DLL ASM Release|Mixed Platforms.Build.0 = Release|Xbox 360
		{4B6FF094-9074-4BDF-BD0A-32D6AD5C0AC6}.DLL ASM Release|Win32.ActiveCfg = Release|Win32
		{4B6FF094-9074-4BDF-BD0A-32D6AD5C0AC6}.DLL ASM Release|Win32.Build.0 = Release|Win32
		{4B6FF094-9074-4BDF-BD0A-32D6AD5C0AC6}.DLL ASM Release|Xbox 360.ActiveCfg = Release|Xbox 360
		{4B6FF094-9074-4BDF-BD0A-32D6AD5C0AC6}.DLL ASM Release|Xbox 360.Build.0 = Release|Xbox 360
		{4B6FF094-9074-4BDF-BD0A-32D6AD5C0AC6}.DLL Debug|Any CPU.ActiveCfg = Debug|Xbox 360
		{4B6FF094-9074-4BDF-BD0A-32D6AD5C0AC6}.DLL Debug|Mixed Platforms.ActiveCfg = Debug|Xbox 360
		{4B6FF094-9074-4BDF-BD0A-32D6AD5C0AC6}.DLL Debug|Mixed Platforms.Build.0 = Debug|Xbox 360
		{4B6FF094-9074-4BDF-BD0A-32D6AD5C0AC6}.DLL Debug|Win32.ActiveCfg = Debug|Win32
		{4B6FF094-9074-4BDF-BD0A-32D6AD5C0AC6}.DLL Debug|Win32.Build.0 = Debug|Win32
		{4B6FF094-9074-4BDF-BD0A-32D6AD5C0AC6}.DLL Debug|Xbox 360.ActiveCfg = Debug|Xbox 360
		{4B6FF094-9074-4BDF-BD0A-32D6AD5C0AC6}.DLL Debug|Xbox 360.Build.0 = Debug|Xbox 360
		{4B6FF094-9074-4BDF-BD0A-32D6AD5C0AC6}.DLL Release|Any CPU.ActiveCfg = Release|Xbox 360
		{4B6FF094-9074-4BDF-BD0A-32D6AD5C0AC6}.DLL Release|Mixed Platforms.ActiveCfg = Release|Xbox 360
		{4B6FF094-9074-4BDF-BD0A-32D6AD5C0AC6}.DLL Release|Mixed Platforms.Build.0 = Release|Xbox 360
		{4B6FF094-9074-4BDF-BD0A-32D6AD5C0AC6}.DLL Release|Win32.ActiveCfg = Release|Win32
		{4B6FF094-9074-4BDF-BD0A-32D6AD5C0AC6}.DLL Release|Win32.Build.0 = Release|Win32
		{4B6FF094-9074-4BDF-BD0A-32D6AD5C0AC6}.DLL Release|Xbox 360.ActiveCfg = Release|Xbox 360
		{4B6FF094-9074-4BDF-BD0A-32D6AD5C0AC6}.DLL Release|Xbox 360.Build.0 = Release|Xbox 360
		{4B6FF094-9074-4BDF-BD0A-32D6AD5C0AC6}.DLL VB|Any CPU.ActiveCfg = Debug|Xbox 360
		{4B6FF094-9074-4BDF-BD0A-32D6AD5C0AC6}.DLL VB|Mixed Platforms.ActiveCfg = Debug|Xbox 360
		{4B6FF094-9074-4BDF-BD0A-32D6AD5C0AC6}.DLL VB|Mixed Platforms.Build.0 = Debug|Xbox 360
		{4B6FF094-9074-4BDF-BD0A-32D6AD5C0AC6}.DLL VB|Win32.ActiveCfg = Debug|Xbox 360
		{4B6FF094-9074-4BDF-BD0A-32D6AD5C0AC6}.DLL VB|Xbox 360.ActiveCfg = Debug|Xbox 360
		{4B6FF094-9074-4BDF-BD0A-32D6AD5C0AC6}.DLL VB|Xbox 360.Build.0 = Debug|Xbox 360
		{4B6FF094-9074-4BDF-BD0A-32D6AD5C0AC6}.LIB ASM Debug|Any CPU.ActiveCfg = Debug|Xbox 360
		{4B6FF094-9074-4BDF-BD0A-32D6AD5C0AC6}.LIB ASM Debug|Mixed Platforms.ActiveCfg = Debug|Xbox 360
		{4B6FF094-9074-4BDF-BD0A-32D6AD5C0AC6}.LIB ASM Debug|Mixed Platforms.Build.0 = Debug|Xbox 360
		{4B6FF094-9074-4BDF-BD0A-32D6AD5C0AC6}.LIB ASM Debug|Win32.ActiveCfg = Debug|Win32
		{4B6FF094-9074-4BDF-BD0A-32D6AD5C0AC6}.LIB ASM Debug|Win32.Build.0 = Debug|Win32
		{4B6FF094-9074-4BDF-BD0A-32D6AD5C0AC6}.LIB ASM Debug|Xbox 360.ActiveCfg = Debug|Xbox 360
		{4B6FF094-9074-4BDF-BD0A-32D6AD5C0AC6}.LIB ASM Debug|Xbox 360.Build.0 = Debug|Xbox 360
		{4B6FF094-9074-4BDF-BD0A-32D6AD5C0AC6}.LIB ASM Release|Any CPU.ActiveCfg = Release|Xbox 360
		{4B6FF094-9074-4BDF-BD0A-32D6AD5C0AC6}.LIB ASM Release|Mixed Platforms.ActiveCfg = Release|Xbox 360
		{4B6FF094-9074-4BDF-BD0A-32D6AD5C0AC6}.LIB ASM Release|Mixed Platforms.Build.0 = Release|Xbox 360
		{4B6FF094-9074-4BDF-BD0A-32D6AD5C0AC6}.LIB ASM Release|Win32.ActiveCfg = Release|Win32
		{4B6FF094-9074-4BDF-BD0A-32D6AD5C0AC6}.LIB ASM Release|Win32.Build.0 = Release|Win32
		{4B6FF094-9074-4BDF-BD0A-32D6AD5C0AC6}.LIB ASM Release|Xbox 360.ActiveCfg = Release|Xbox 360
		{4B6FF094-9074-4BDF-BD0A-32D6AD5C0AC6}.LIB ASM Release|Xbox 360.Build.0 = Release|Xbox 360
		{4B6FF094-9074-4BDF-BD0A-32D6AD5C0AC6}.LIB Debug|Any CPU.ActiveCfg = Debug|Xbox 360
		{4B6FF094-9074-4BDF-BD0A-32D6AD5C0AC6}.LIB Debug|Mixed Platforms.ActiveCfg = Debug|Xbox 360
		{4B6FF094-9074-4BDF-BD0A-32D6AD5C0AC6}.LIB Debug|Mixed Platforms.Build.0 = Debug|Xbox 360
		{4B6FF094-9074-4BDF-BD0A-32D6AD5C0AC6}.LIB Debug|Win32.ActiveCfg = Debug|Win32
		{4B6FF094-9074-4BDF-BD0A-32D6AD5C0AC6}.LIB Debug|Win32.Build.0 = Debug|Win32
		{4B6FF094-9074-4BDF-BD0A-32D6AD5C0AC6}.LIB Debug|Xbox 360.ActiveCfg = Debug|Xbox 360
		{4B6FF094-9074-4BDF-BD0A-32D6AD5C0AC6}.LIB Debug|Xbox 360.Build.0 = Debug|Xbox 360
		{4B6FF094-9074-4BDF-BD0A-32D6AD5C0AC6}.LIB Release|Any CPU.ActiveCfg = Release|Xbox 360
		{4B6FF094-9074-4BDF-BD0A-32D6AD5C0AC6}.LIB Release|Mixed Platforms.ActiveCfg = Release|Xbox 360
		{4B6FF094-9074-4BDF-BD0A-32D6AD5C0AC6}.LIB Release|Mixed Platforms.Build.0 = Release|Xbox 360
		{4B6FF094-9074-4BDF-BD0A-32D6AD5C0AC6}.LIB Release|Win32.ActiveCfg = Release|Win32
		{4B6FF094-9074-4BDF-BD0A-32D6AD5C0AC6}.LIB Release|Win32.Build.0 = Release|Win32
		{4B6FF094-9074-4BDF-BD0A-32D6AD5C0AC6}.LIB Release|Xbox 360.ActiveCfg = Release|Xbox 360
		{4B6FF094-9074-4BDF-BD0A-32D6AD5C0AC6}.LIB Release|Xbox 360.Build.0 = Release|Xbox 360
		{4B6FF094-9074-4BDF-BD0A-32D6AD5C0AC6}.Release|Any CPU.ActiveCfg = Release|Win32
		{4B6FF094-9074-4BDF-BD0A-32D6AD5C0AC6}.Release|Mixed Platforms.ActiveCfg = Release|Win32
		{4B6FF094-9074-4BDF-BD0A-32D6AD5C0AC6}.Release|Mixed Platforms.Build.0 = Release|Win32
		{4B6FF094-9074-4BDF-BD0A-32D6AD5C0AC6}.Release|Win32.ActiveCfg = Release|Win32
		{4B6FF094-9074-4BDF-BD0A-32D6AD5C0AC6}.Release|Win32.Build.0 = Release|Win32
		{4B6FF094-9074-4BDF-BD0A-32D6AD5C0AC6}.Release|Xbox 360.ActiveCfg = Release|Xbox 360
		{4B6FF094-9074-4BDF-BD0A-32D6AD5C0AC6}.Release|Xbox 360.Build.0 = Release|Xbox 360
		{E9FBD2F6-34AC-49F4-9486-F0AA6D24A27F}.Debug|Any CPU.ActiveCfg = Debug|Win32
		{E9FBD2F6-34AC-49F4-9486-F0AA6D24A27F}.Debug|Mixed Platforms.ActiveCfg = Debug|Win32
		{E9FBD2F6-34AC-49F4-9486-F0AA6D24A27F}.Debug|Mixed Platforms.Build.0 = Debug|Win32
		{E9FBD2F6-34AC-49F4-9486-F0AA6D24A27F}.Debug|Win32.ActiveCfg = Debug|Win32
		{E9FBD2F6-34AC-49F4-9486-F0AA6D24A27F}.Debug|Win32.Build.0 = Debug|Win32
		{E9FBD2F6-34AC-49F4-9486-F0AA6D24A27F}.Debug|Xbox 360.ActiveCfg = Debug|Xbox 360
		{E9FBD2F6-34AC-49F4-9486-F0AA6D24A27F}.Debug|Xbox 360.Build.0 = Debug|Xbox 360
		{E9FBD2F6-34AC-49F4-9486-F0AA6D24A27F}.DLL ASM Debug|Any CPU.ActiveCfg = Debug|Xbox 360
		{E9FBD2F6-34AC-49F4-9486-F0AA6D24A27F}.DLL ASM Debug|Mixed Platforms.ActiveCfg = Debug|Xbox 360
		{E9FBD2F6-34AC-49F4-9486-F0AA6D24A27F}.DLL ASM Debug|Mixed Platforms.Build.0 = Debug|Xbox 360
		{E9FBD2F6-34AC-49F4-9486-F0AA6D24A27F}.DLL ASM Debug|Win32.ActiveCfg = Debug|Win32
		{E9FBD2F6-34AC-49F4-9486-F0AA6D24A27F}.DLL ASM Debug|Win32.Build.0 = Debug|Win32
		{E9FBD2F6-34AC-49F4-9486-F0AA6D24A27F}.DLL ASM Debug|Xbox 360.ActiveCfg = Debug|Xbox 360
		{E9FBD2F6-34AC-49F4-9486-F0AA6D24A27F}.DLL ASM Debug|Xbox 360.Build.0 = Debug|Xbox 360
		{E9FBD2F6-34AC-49F4-9486-F0AA6D24A27F}.DLL ASM Release|Any CPU.ActiveCfg = Release|Xbox 360
		{E9FBD2F6-34AC-49F4-9486-F0AA6D24A27F}.DLL ASM Release|Mixed Platforms.ActiveCfg = Release|Xbox 360
		{E9FBD2F6-34AC-49F4-9486-F0AA6D24A27F}.DLL ASM Release|Mixed Platforms.Build.0 = Release|Xbox 360
		{E9FBD2F6-34AC-49F4-9486-F0AA6D24A27F}.DLL ASM Release|Win32.ActiveCfg = Release|Win32
		{E9FBD2F6-34AC-49F4-9486-F0AA6D24A27F}.DLL ASM Release|Win32.Build.0 = Release|Win32
		{E9FBD2F6-34AC-49F4-9486-F0AA6D24A27F}.DLL ASM Release|Xbox 360.ActiveCfg = Release|Xbox 360
		{E9FBD2F6-34AC-49F4-9486-F0AA6D24A27F}.DLL ASM Release|Xbox 360.Build.0 = Release|Xbox 360
		{E9FBD2F6-34AC-49F4-9486-F0AA6D24A27F}.DLL Debug|Any CPU.ActiveCfg = Debug|Xbox 360
		{E9FBD2F6-34AC-49F4-9486-F0AA6D24A27F}.DLL Debug|Mixed Platforms.ActiveCfg = Debug|Xbox 360
		{E9FBD2F6-34AC-49F4-9486-F0AA6D24A27F}.DLL Debug|Mixed Platforms.Build.0 = Debug|Xbox 360
		{E9FBD2F6-34AC-49F4-9486-F0AA6D24A27F}.DLL Debug|Win32.ActiveCfg = Debug|Win32
		{E9FBD2F6-34AC-49F4-9486-F0AA6D24A27F}.DLL Debug|Win32.Build.0 = Debug|Win32
		{E9FBD2F6-34AC-49F4-9486-F0AA6D24A27F}.DLL Debug|Xbox 360.ActiveCfg = Debug|Xbox 360
		{E9FBD2F6-34AC-49F4-9486-F0AA6D24A27F}.DLL Debug|Xbox 360.Build.0 = Debug|Xbox 360
		{E9FBD2F6-34AC-49F4-9486-F0AA6D24A27F}.DLL Release|Any CPU.ActiveCfg = Release|Xbox 360
		{E9FBD2F6-34AC-49F4-9486-F0AA6D24A27F}.DLL Release|Mixed Platforms.ActiveCfg = Release|Xbox 360
		{E9FBD2F6-34AC-49F4-9486-F0AA6D24A27F}.DLL Release|Mixed Platforms.Build.0 = Release|Xbox 360
		{E9FBD2F6-34AC-49F4-9486-F0AA6D24A27F}.DLL Release|Win32.ActiveCfg = Release|Win32
		{E9FBD2F6-34AC-49F4-9486-F0AA6D24A27F}.DLL Release|Win32.Build.0 = Release|Win32
		{E9FBD2F6-34AC-49F4-9486-F0AA6D24A27F}.DLL Release|Xbox 360.ActiveCfg = Release|Xbox 360
		{E9FBD2F6-34AC-49F4-9486-F0AA6D24A27F}.DLL Release|Xbox 360.Build.0 = Release|Xbox 360
		{E9FBD2F6-34AC-49F4-9486-F0AA6D24A27F}.DLL VB|Any CPU.ActiveCfg = Debug|Xbox 360
		{E9FBD2F6-34AC-49F4-9486-F0AA6D24A27F}.DLL VB|Mixed Platforms.ActiveCfg = Debug|Xbox 360
		{E9FBD2F6-34AC-49F4-9486-F0AA6D24A27F}.DLL VB|Mixed Platforms.Build.0 = Debug|Xbox 360
		{E9FBD2F6-34AC-49F4-9486-F0AA6D24A27F}.DLL VB|Win32.ActiveCfg = Debug|Xbox 360
		{E9FBD2F6-34AC-49F4-9486-F0AA6D24A27F}.DLL VB|Xbox 360.ActiveCfg = Debug|Xbox 360
		{E9FBD2F6-34AC-49F4-9486-F0AA6D24A27F}.DLL VB|Xbox 360.Build.0 = Debug|Xbox 360
		{E9FBD2F6-34AC-49F4-9486-F0AA6D24A27F}.LIB ASM Debug|Any CPU.ActiveCfg = Debug|Xbox 360
		{E9FBD2F6-34AC-49F4-9486-F0AA6D24A27F}.LIB ASM Debug|Mixed Platforms.ActiveCfg = Debug|Xbox 360
		{E9FBD2F6-34AC-49F4-9486-F0AA6D24A27F}.LIB ASM Debug|Mixed Platforms.Build.0 = Debug|Xbox 360
		{E9FBD2F6-34AC-49F4-9486-F0AA6D24A27F}.LIB ASM Debug|Win32.ActiveCfg = Debug|Win32
		{E9FBD2F6-34AC-49F4-9486-F0AA6D24A27F}.LIB ASM Debug|Win32.Build.0 = Debug|Win32
		{E9FBD2F6-34AC-49F4-9486-F0AA6D24A27F}.LIB ASM Debug|Xbox 360.ActiveCfg = Debug|Xbox 360
		{E9FBD2F6-34AC-49F4-9486-F0AA6D24A27F}.LIB ASM Debug|Xbox 360.Build.0 = Debug|Xbox 360
		{E9FBD2F6-34AC-49F4-9486-F0AA6D24A27F}.LIB ASM Release|Any CPU.ActiveCfg = Release|Xbox 360
		{E9FBD2F6-34AC-49F4-9486-F0AA6D24A27F}.LIB ASM Release|Mixed Platforms.ActiveCfg = Release|Xbox 360
		{E9FBD2F6-34AC-49F4-9486-F0AA6D24A27F}.LIB ASM Release|Mixed Platforms.Build.0 = Release|Xbox 360
		{E9FBD2F6-34AC-49F4-9486-F0AA6D24A27F}.LIB ASM Release|Win32.ActiveCfg = Release|Win32
		{E9FBD2F6-34AC-49F4-9486-F0AA6D24A27F}.LIB ASM Release|Win32.Build.0 = Release|Win32
		{E9FBD2F6-34AC-49F4-9486-F0AA6D24A27F}.LIB ASM Release|Xbox 360.ActiveCfg = Release|Xbox 360
		{E9FBD2F6-34AC-49F4-9486-F0AA6D24A27F}.LIB ASM Release|Xbox 360.Build.0 = Release|Xbox 360
		{E9FBD2F6-34AC-49F4-9486-F0AA6D24A27F}.LIB Debug|Any CPU.ActiveCfg = Debug|Xbox 360
		{E9FBD2F6-34AC-49F4-9486-F0AA6D24A27F}.LIB Debug|Mixed Platforms.ActiveCfg = Debug|Xbox 360
		{E9FBD2F6-34AC-49F4-9486-F0AA6D24A27F}.LIB Debug|Mixed Platforms.Build.0 = Debug|Xbox 360
		{E9FBD2F6-34AC-49F4-9486-F0AA6D24A27F}.LIB Debug|Win32.ActiveCfg = Debug|Win32
		{E9FBD2F6-34AC-49F4-9486-F0AA6D24A27F}.LIB Debug|Win32.Build.0 = Debug|Win32
		{E9FBD2F6-34AC-49F4-9486-F0AA6D24A27F}.LIB Debug|Xbox 360.ActiveCfg = Debug|Xbox 360
		{E9FBD2F6-34AC-49F4-9486-F0AA6D24A27F}.LIB Debug|Xbox 360.Build.0 = Debug|Xbox 360
		{E9FBD2F6-34AC-49F4-9486-F0AA6D24A27F}.LIB Release|Any CPU.ActiveCfg = Release|Xbox 360
		{E9FBD2F6-34AC-49F4-9486-F0AA6D24A27F}.LIB Release|Mixed Platforms.ActiveCfg = Release|Xbox 360
		{E9FBD2F6-34AC-49F4-9486-F0AA6D24A27F}.LIB Release|Mixed Platforms.Build.0 = Release|Xbox 360
		{E9FBD2F6-34AC-49F4-9486-F0AA6D24A27F}.LIB Release|Win32.ActiveCfg = Release|Win32
		{E9FBD2F6-34AC-49F4-9486-F0AA6D24A27F}.LIB Release|Win32.Build.0 = Release|Win32
		{E9FBD2F6-34AC-49F4-9486-F0AA6D24A27F}.LIB Release|Xbox 360.ActiveCfg = Release|Xbox 360
		{E9FBD2F6-34AC-49F4-9486-F0AA6D24A27F}.LIB Release|Xbox 360.Build.0 = Release|Xbox 360
		{E9FBD2F6-34AC-49F4-9486-F0AA6D24A27F}.Release|Any CPU.ActiveCfg = Release|Win32
		{E9FBD2F6-34AC-49F4-9486-F0AA6D24A27F}.Release|Mixed Platforms.ActiveCfg = Release|Win32
		{E9FBD2F6-34AC-49F4-9486-F0AA6D24A27F}.Release|Mixed Platforms.Build.0 = Release|Win32
		{E9FBD2F6-34AC-49F4-9486-F0AA6D24A27F}.Release|Win32.ActiveCfg = Release|Win32
		{E9FBD2F6-34AC-49F4-9486-F0AA6D24A27F}.Release|Win32.Build.0 = Release|Win32
		{E9FBD2F6-34AC-49F4-9486-F0AA6D24A27F}.Release|Xbox 360.ActiveCfg = Release|Xbox 360
		{E9FBD2F6-34AC-49F4-9486-F0AA6D24A27F}.Release|Xbox 360.Build.0 = Release|Xbox 360
		{DF1BAF32-3923-4B03-AFDA-6B52D1DAF78C}.Debug|Any CPU.ActiveCfg = Debug|Win32
		{DF1BAF32-3923-4B03-AFDA-6B52D1DAF78C}.Debug|Mixed Platforms.ActiveCfg = Debug|Win32
		{DF1BAF32-3923-4B03-AFDA-6B52D1DAF78C}.Debug|Mixed Platforms.Build.0 = Debug|Win32
		{DF1BAF32-3923-4B03-AFDA-6B52D1DAF78C}.Debug|Win32.ActiveCfg = Debug|Win32
		{DF1BAF32-3923-4B03-AFDA-6B52D1DAF78C}.Debug|Win32.Build.0 = Debug|Win32
		{DF1BAF32-3923-4B03-AFDA-6B52D1DAF78C}.Debug|Xbox 360.ActiveCfg = Debug|Win32
		{DF1BAF32-3923-4B03-AFDA-6B52D1DAF78C}.DLL ASM Debug|Any CPU.ActiveCfg = Debug|Win32
		{DF1BAF32-3923-4B03-AFDA-6B52D1DAF78C}.DLL ASM Debug|Mixed Platforms.ActiveCfg = Debug|Win32
		{DF1BAF32-3923-4B03-AFDA-6B52D1DAF78C}.DLL ASM Debug|Mixed Platforms.Build.0 = Debug|Win32
		{DF1BAF32-3923-4B03-AFDA-6B52D1DAF78C}.DLL ASM Debug|Win32.ActiveCfg = Debug|Win32
		{DF1BAF32-3923-4B03-AFDA-6B52D1DAF78C}.DLL ASM Debug|Win32.Build.0 = Debug|Win32
		{DF1BAF32-3923-4B03-AFDA-6B52D1DAF78C}.DLL ASM Debug|Xbox 360.ActiveCfg = Debug|Win32
		{DF1BAF32-3923-4B03-AFDA-6B52D1DAF78C}.DLL ASM Release|Any CPU.ActiveCfg = Release|Win32
		{DF1BAF32-3923-4B03-AFDA-6B52D1DAF78C}.DLL ASM Release|Mixed Platforms.ActiveCfg = Release|Win32
		{DF1BAF32-3923-4B03-AFDA-6B52D1DAF78C}.DLL ASM Release|Mixed Platforms.Build.0 = Release|Win32
		{DF1BAF32-3923-4B03-AFDA-6B52D1DAF78C}.DLL ASM Release|Win32.ActiveCfg = Release|Win32
		{DF1BAF32-3923-4B03-AFDA-6B52D1DAF78C}.DLL ASM Release|Win32.Build.0 = Release|Win32
		{DF1BAF32-3923-4B03-AFDA-6B52D1DAF78C}.DLL ASM Release|Xbox 360.ActiveCfg = Release|Win32
		{DF1BAF32-3923-4B03-AFDA-6B52D1DAF78C}.DLL Debug|Any CPU.ActiveCfg = Debug|Win32
		{DF1BAF32-3923-4B03-AFDA-6B52D1DAF78C}.DLL Debug|Mixed Platforms.ActiveCfg = Debug|Win32
		{DF1BAF32-3923-4B03-AFDA-6B52D1DAF78C}.DLL Debug|Mixed Platforms.Build.0 = Debug|Win32
		{DF1BAF32-3923-4B03-AFDA-6B52D1DAF78C}.DLL Debug|Win32.ActiveCfg = Debug|Win32
		{DF1BAF32-3923-4B03-AFDA-6B52D1DAF78C}.DLL Debug|Win32.Build.0 = Debug|Win32
		{DF1BAF32-3923-4B03-AFDA-6B52D1DAF78C}.DLL Debug|Xbox 360.ActiveCfg = Debug|Win32
		{DF1BAF32-3923-4B03-AFDA-6B52D1DAF78C}.DLL Release|Any CPU.ActiveCfg = Release|Win32
		{DF1BAF32-3923-4B03-AFDA-6B52D1DAF78C}.DLL Release|Mixed Platforms.ActiveCfg = Release|Win32
		{DF1BAF32-3923-4B03-AFDA-6B52D1DAF78C}.DLL Release|Mixed Platforms.Build.0 = Release|Win32
		{DF1BAF32-3923-4B03-AFDA-6B52D1DAF78C}.DLL Release|Win32.ActiveCfg = Release|Win32
		{DF1BAF32-3923-4B03-AFDA-6B52D1DAF78C}.DLL Release|Win32.Build.0 = Release|Win32
		{DF1BAF32-3923-4B03-AFDA-6B52D1DAF78C}.DLL Release|Xbox 360.ActiveCfg = Release|Win32
		{DF1BAF32-3923-4B03-AFDA-6B52D1DAF78C}.DLL VB|Any CPU.ActiveCfg = Debug|Win32
		{DF1BAF32-3923-4B03-AFDA-6B52D1DAF78C}.DLL VB|Mixed Platforms.ActiveCfg = Debug|Win32
		{DF1BAF32-3923-4B03-AFDA-6B52D1DAF78C}.DLL VB|Mixed Platforms.Build.0 = Debug|Win32
		{DF1BAF32-3923-4B03-AFDA-6B52D1DAF78C}.DLL VB|Win32.ActiveCfg = Debug|Win32
		{DF1BAF32-3923-4B03-AFDA-6B52D1DAF78C}.DLL VB|Win32.Build.0 = Debug|Win32
		{DF1BAF32-3923-4B03-AFDA-6B52D1DAF78C}.DLL VB|Xbox 360.ActiveCfg = Debug|Win32
		{DF1BAF32-3923-4B03-AFDA-6B52D1DAF78C}.LIB ASM Debug|Any CPU.ActiveCfg = Debug|Win32
		{DF1BAF32-3923-4B03-AFDA-6B52D1DAF78C}.LIB ASM Debug|Mixed Platforms.ActiveCfg = Debug|Win32
		{DF1BAF32-3923-4B03-AFDA-6B52D1DAF78C}.LIB ASM Debug|Mixed Platforms.Build.0 = Debug|Win32
		{DF1BAF32-3923-4B03-AFDA-6B52D1DAF78C}.LIB ASM Debug|Win32.ActiveCfg = Debug|Win32
		{DF1BAF32-3923-4B03-AFDA-6B52D1DAF78C}.LIB ASM Debug|Win32.Build.0 = Debug|Win32
		{DF1BAF32-3923-4B03-AFDA-6B52D1DAF78C}.LIB ASM Debug|Xbox 360.ActiveCfg = Debug|Win32
		{DF1BAF32-3923-4B03-AFDA-6B52D1DAF78C}.LIB ASM Release|Any CPU.ActiveCfg = Release|Win32
		{DF1BAF32-3923-4B03-AFDA-6B52D1DAF78C}.LIB ASM Release|Mixed Platforms.ActiveCfg = Release|Win32
		{DF1BAF32-3923-4B03-AFDA-6B52D1DAF78C}.LIB ASM Release|Mixed Platforms.Build.0 = Release|Win32
		{DF1BAF32-3923-4B03-AFDA-6B52D1DAF78C}.LIB ASM Release|Win32.ActiveCfg = Release|Win32
		{DF1BAF32-3923-4B03-AFDA-6B52D1DAF78C}.LIB ASM Release|Win32.Build.0 = Release|Win32
		{DF1BAF32-3923-4B03-AFDA-6B52D1DAF78C}.LIB ASM Release|Xbox 360.ActiveCfg = Release|Win32
		{DF1BAF32-3923-4B03-AFDA-6B52D1DAF78C}.LIB Debug|Any CPU.ActiveCfg = Debug|Win32
		{DF1BAF32-3923-4B03-AFDA-6B52D1DAF78C}.LIB Debug|Mixed Platforms.ActiveCfg = Debug|Win32
		{DF1BAF32-3923-4B03-AFDA-6B52D1DAF78C}.LIB Debug|Mixed Platforms.Build.0 = Debug|Win32
		{DF1BAF32-3923-4B03-AFDA-6B52D1DAF78C}.LIB Debug|Win32.ActiveCfg = Debug|Win32
		{DF1BAF32-3923-4B03-AFDA-6B52D1DAF78C}.LIB Debug|Win32.Build.0 = Debug|Win32
		{DF1BAF32-3923-4B03-AFDA-6B52D1DAF78C}.LIB Debug|Xbox 360.ActiveCfg = Debug|Win32
		{DF1BAF32-3923-4B03-AFDA-6B52D1DAF78C}.LIB Release|Any CPU.ActiveCfg = Release|Win32
		{DF1BAF32-3923-4B03-AFDA-6B52D1DAF78C}.LIB Release|Mixed Platforms.ActiveCfg = Release|Win32
		{DF1BAF32-3923-4B03-AFDA-6B52D1DAF78C}.LIB Release|Mixed Platforms.Build.0 = Release|Win32
		{DF1BAF32-3923-4B03-AFDA-6B52D1DAF78C}.LIB Release|Win32.ActiveCfg = Release|Win32
		{DF1BAF32-3923-4B03-AFDA-6B52D1DAF78C}.LIB Release|Win32.Build.0 = Release|Win32
		{DF1BAF32-3923-4B03-AFDA-6B52D1DAF78C}.LIB Release|Xbox 360.ActiveCfg = Release|Win32
		{DF1BAF32-3923-4B03-AFDA-6B52D1DAF78C}.Release|Any CPU.ActiveCfg = Release|Win32
		{DF1BAF32-3923-4B03-AFDA-6B52D1DAF78C}.Release|Mixed Platforms.ActiveCfg = Release|Win32
		{DF1BAF32-3923-4B03-AFDA-6B52D1DAF78C}.Release|Mixed Platforms.Build.0 = Release|Win32
		{DF1BAF32-3923-4B03-AFDA-6B52D1DAF78C}.Release|Win32.ActiveCfg = Release|Win32
		{DF1BAF32-3923-4B03-AFDA-6B52D1DAF78C}.Release|Win32.Build.0 = Release|Win32
		{DF1BAF32-3923-4B03-AFDA-6B52D1DAF78C}.Release|Xbox 360.ActiveCfg = Release|Win32
	EndGlobalSection
	GlobalSection(SolutionProperties) = preSolution
		HideSolutionNode = FALSE
	EndGlobalSection
	GlobalSection(NestedProjects) = preSolution
		{537FCF05-5BA7-43CB-9652-35FBF764B18E} = {E229AA4E-6409-4BA1-AEE0-5384ED038349}
		{4B6FF094-9074-4BDF-BD0A-32D6AD5C0AC6} = {E229AA4E-6409-4BA1-AEE0-5384ED038349}
		{E9FBD2F6-34AC-49F4-9486-F0AA6D24A27F} = {E229AA4E-6409-4BA1-AEE0-5384ED038349}
		{DF1BAF32-3923-4B03-AFDA-6B52D1DAF78C} = {E229AA4E-6409-4BA1-AEE0-5384ED038349}
		{97AE86F4-3052-4F52-9943-ABACB217D983} = {75357CBD-D2B7-40B8-900E-D717CE554847}
		{11828C6D-3E62-45F8-9268-93EB0DD141E9} = {75357CBD-D2B7-40B8-900E-D717CE554847}
		{17932C15-15B0-42DF-BE6C-7B099B18CDBF} = {75357CBD-D2B7-40B8-900E-D717CE554847}
	EndGlobalSection
EndGlobal
